{
  "object": {
    "pins": [
      {
        "package": "COpenSSL",
        "repositoryURL": "git://github.com/NobodyNada/COpenSSL",
        "state": {
          "branch": null,
          "revision": "b69558eb8a014e12577626f34b8367b523a2ab26",
          "version": "0.0.0"
        }
      },
      {
        "package": "CSQLite",
        "repositoryURL": "git://github.com/stephencelis/CSQLite",
        "state": {
          "branch": null,
          "revision": "9106e983d5e3d5149ee35281ec089484b0def018",
          "version": "0.0.3"
        }
      },
      {
        "package": "Clibwebsockets",
        "repositoryURL": "git://github.com/NobodyNada/Clibwebsockets",
        "state": {
          "branch": null,
          "revision": "0b1eb3ad0f691d7d476f1e5dc89ed7cc3b89583d",
          "version": "1.2.0"
        }
      },
      {
        "package": "HeliumLogger",
        "repositoryURL": "https://github.com/IBM-Swift/HeliumLogger.git",
        "state": {
          "branch": null,
          "revision": "2afeb4c02f5a48a7fbd081fe8607b91eeebd7ecb",
          "version": "1.7.1"
        }
      },
      {
        "package": "LoggerAPI",
        "repositoryURL": "https://github.com/IBM-Swift/LoggerAPI.git",
        "state": {
          "branch": null,
          "revision": "6b62fe66da9b8794d6581e5c341710eea3173cd4",
          "version": "1.7.1"
        }
      },
      {
        "package": "SwiftChatSE",
        "repositoryURL": "https://github.com/SOBotics/SwiftChatSE.git",
        "state": {
          "branch": null,
          "revision": "f7187b04786b1c7a6ec09ae02c4027935f3805a1",
          "version": "5.0.4"
        }
      },
      {
        "package": "SwiftyBeaver",
        "repositoryURL": "https://github.com/SwiftyBeaver/SwiftyBeaver.git",
        "state": {
          "branch": null,
          "revision": "f24921e83cc356fce6ee12cb6120ab57896de3d6",
          "version": "1.5.1"
        }
      },
      {
        "package": "Yams",
        "repositoryURL": "https://github.com/jpsim/Yams.git",
        "state": {
          "branch": null,
          "revision": "95f45caf07472ec78223ebada45255086a85b01a",
          "version": "0.5.0"
        }
      },
      {
        "package": "swiftredunda",
        "repositoryURL": "https://github.com/SOBotics/SwiftRedunda.git",
        "state": {
          "branch": null,
          "revision": "6a62ffe9d8bcf62ec055ec68fe3174b170f07296",
          "version": "0.1.3"
        }
      }
    ]
  },
  "version": 1
}
