{
  "object": {
    "pins": [
      {
        "package": "Alamofire",
        "repositoryURL": "https://github.com/Alamofire/Alamofire.git",
        "state": {
          "branch": null,
          "revision": "bc973c5311ce3db3f01a9fcde027fb11fa2254bf",
          "version": "4.6.0"
        }
      },
      {
        "package": "COpenSSL",
        "repositoryURL": "git://github.com/NobodyNada/COpenSSL",
        "state": {
          "branch": null,
          "revision": "b69558eb8a014e12577626f34b8367b523a2ab26",
          "version": "0.0.0"
        }
      },
      {
        "package": "CSQLite",
        "repositoryURL": "git://github.com/stephencelis/CSQLite",
        "state": {
          "branch": null,
          "revision": "9106e983d5e3d5149ee35281ec089484b0def018",
          "version": "0.0.3"
        }
      },
      {
        "package": "Clibwebsockets",
        "repositoryURL": "git://github.com/NobodyNada/Clibwebsockets",
        "state": {
          "branch": null,
          "revision": "0b1eb3ad0f691d7d476f1e5dc89ed7cc3b89583d",
          "version": "1.2.0"
        }
      },
      {
        "package": "SwiftChatSE",
        "repositoryURL": "git://github.com/SOBotics/SwiftChatSE",
        "state": {
          "branch": null,
          "revision": "f7187b04786b1c7a6ec09ae02c4027935f3805a1",
          "version": "5.0.4"
        }
      }
    ]
  },
  "version": 1
}
