// !$*UTF8*$!
{
	archiveVersion = 1;
	classes = {
	};
	objectVersion = 46;
	objects = {

/* Begin PBXBuildFile section */
		E8696E41201C83F00085A793 /* Say.swift in Sources */ = {isa = PBXBuildFile; fileRef = E8696E40201C83F00085A793 /* Say.swift */; };
		E8696E43201C87AA0085A793 /* utils.swift in Sources */ = {isa = PBXBuildFile; fileRef = E8696E42201C87AA0085A793 /* utils.swift */; };
		E8F1C1022020A1960032F075 /* FilterSocks.swift in Sources */ = {isa = PBXBuildFile; fileRef = E8F1C1012020A1960032F075 /* FilterSocks.swift */; };
		OBJ_103 /* Package.swift in Sources */ = {isa = PBXBuildFile; fileRef = OBJ_50 /* Package.swift */; };
		OBJ_109 /* Package.swift in Sources */ = {isa = PBXBuildFile; fileRef = OBJ_79 /* Package.swift */; };
		OBJ_115 /* Alive.swift in Sources */ = {isa = PBXBuildFile; fileRef = OBJ_9 /* Alive.swift */; };
		OBJ_116 /* Checkuser.swift in Sources */ = {isa = PBXBuildFile; fileRef = OBJ_10 /* Checkuser.swift */; };
		OBJ_117 /* Commands.swift in Sources */ = {isa = PBXBuildFile; fileRef = OBJ_11 /* Commands.swift */; };
		OBJ_118 /* Creds.swift in Sources */ = {isa = PBXBuildFile; fileRef = OBJ_12 /* Creds.swift */; };
		OBJ_119 /* RedundaPingDelegate.swift in Sources */ = {isa = PBXBuildFile; fileRef = OBJ_13 /* RedundaPingDelegate.swift */; };
		OBJ_120 /* decodables.swift in Sources */ = {isa = PBXBuildFile; fileRef = OBJ_14 /* decodables.swift */; };
		OBJ_121 /* globalvars.swift in Sources */ = {isa = PBXBuildFile; fileRef = OBJ_15 /* globalvars.swift */; };
		OBJ_122 /* main.swift in Sources */ = {isa = PBXBuildFile; fileRef = OBJ_16 /* main.swift */; };
		OBJ_124 /* Yams.framework in Frameworks */ = {isa = PBXBuildFile; fileRef = "Yams::Yams::Product" /* Yams.framework */; };
		OBJ_125 /* CYaml.framework in Frameworks */ = {isa = PBXBuildFile; fileRef = "Yams::CYaml::Product" /* CYaml.framework */; };
		OBJ_126 /* SwiftRedunda.framework in Frameworks */ = {isa = PBXBuildFile; fileRef = "swiftredunda::SwiftRedunda::Product" /* SwiftRedunda.framework */; };
		OBJ_127 /* SwiftChatSE.framework in Frameworks */ = {isa = PBXBuildFile; fileRef = "SwiftChatSE::SwiftChatSE::Product" /* SwiftChatSE.framework */; };
		OBJ_140 /* Constructor.swift in Sources */ = {isa = PBXBuildFile; fileRef = OBJ_33 /* Constructor.swift */; };
		OBJ_141 /* Decoder.swift in Sources */ = {isa = PBXBuildFile; fileRef = OBJ_34 /* Decoder.swift */; };
		OBJ_142 /* Emitter.swift in Sources */ = {isa = PBXBuildFile; fileRef = OBJ_35 /* Emitter.swift */; };
		OBJ_143 /* Encoder.swift in Sources */ = {isa = PBXBuildFile; fileRef = OBJ_36 /* Encoder.swift */; };
		OBJ_144 /* Mark.swift in Sources */ = {isa = PBXBuildFile; fileRef = OBJ_37 /* Mark.swift */; };
		OBJ_145 /* Node.Mapping.swift in Sources */ = {isa = PBXBuildFile; fileRef = OBJ_38 /* Node.Mapping.swift */; };
		OBJ_146 /* Node.Scalar.swift in Sources */ = {isa = PBXBuildFile; fileRef = OBJ_39 /* Node.Scalar.swift */; };
		OBJ_147 /* Node.Sequence.swift in Sources */ = {isa = PBXBuildFile; fileRef = OBJ_40 /* Node.Sequence.swift */; };
		OBJ_148 /* Node.swift in Sources */ = {isa = PBXBuildFile; fileRef = OBJ_41 /* Node.swift */; };
		OBJ_149 /* Parser.swift in Sources */ = {isa = PBXBuildFile; fileRef = OBJ_42 /* Parser.swift */; };
		OBJ_150 /* Representer.swift in Sources */ = {isa = PBXBuildFile; fileRef = OBJ_43 /* Representer.swift */; };
		OBJ_151 /* Resolver.swift in Sources */ = {isa = PBXBuildFile; fileRef = OBJ_44 /* Resolver.swift */; };
		OBJ_152 /* String+Yams.swift in Sources */ = {isa = PBXBuildFile; fileRef = OBJ_45 /* String+Yams.swift */; };
		OBJ_153 /* Tag.swift in Sources */ = {isa = PBXBuildFile; fileRef = OBJ_46 /* Tag.swift */; };
		OBJ_154 /* YamlError.swift in Sources */ = {isa = PBXBuildFile; fileRef = OBJ_47 /* YamlError.swift */; };
		OBJ_156 /* CYaml.framework in Frameworks */ = {isa = PBXBuildFile; fileRef = "Yams::CYaml::Product" /* CYaml.framework */; };
		OBJ_162 /* api.c in Sources */ = {isa = PBXBuildFile; fileRef = OBJ_22 /* api.c */; };
		OBJ_163 /* emitter.c in Sources */ = {isa = PBXBuildFile; fileRef = OBJ_23 /* emitter.c */; };
		OBJ_164 /* parser.c in Sources */ = {isa = PBXBuildFile; fileRef = OBJ_24 /* parser.c */; };
		OBJ_165 /* reader.c in Sources */ = {isa = PBXBuildFile; fileRef = OBJ_25 /* reader.c */; };
		OBJ_166 /* scanner.c in Sources */ = {isa = PBXBuildFile; fileRef = OBJ_26 /* scanner.c */; };
		OBJ_167 /* writer.c in Sources */ = {isa = PBXBuildFile; fileRef = OBJ_27 /* writer.c */; };
		OBJ_173 /* RedundaClient.swift in Sources */ = {isa = PBXBuildFile; fileRef = OBJ_52 /* RedundaClient.swift */; };
		OBJ_174 /* RedundaPingResponse.swift in Sources */ = {isa = PBXBuildFile; fileRef = OBJ_53 /* RedundaPingResponse.swift */; };
		OBJ_175 /* RedundaPingService.swift in Sources */ = {isa = PBXBuildFile; fileRef = OBJ_54 /* RedundaPingService.swift */; };
		OBJ_181 /* ChatListener.swift in Sources */ = {isa = PBXBuildFile; fileRef = OBJ_57 /* ChatListener.swift */; };
		OBJ_182 /* ChatMessage.swift in Sources */ = {isa = PBXBuildFile; fileRef = OBJ_58 /* ChatMessage.swift */; };
		OBJ_183 /* ChatRoom.swift in Sources */ = {isa = PBXBuildFile; fileRef = OBJ_59 /* ChatRoom.swift */; };
		OBJ_184 /* ChatUser.swift in Sources */ = {isa = PBXBuildFile; fileRef = OBJ_60 /* ChatUser.swift */; };
		OBJ_185 /* Client.swift in Sources */ = {isa = PBXBuildFile; fileRef = OBJ_61 /* Client.swift */; };
		OBJ_186 /* Command.swift in Sources */ = {isa = PBXBuildFile; fileRef = OBJ_62 /* Command.swift */; };
		OBJ_187 /* CommandCheckPrivileges.swift in Sources */ = {isa = PBXBuildFile; fileRef = OBJ_63 /* CommandCheckPrivileges.swift */; };
		OBJ_188 /* CommandDeleteMessage.swift in Sources */ = {isa = PBXBuildFile; fileRef = OBJ_64 /* CommandDeleteMessage.swift */; };
		OBJ_189 /* CommandKill.swift in Sources */ = {isa = PBXBuildFile; fileRef = OBJ_65 /* CommandKill.swift */; };
		OBJ_190 /* CommandListRunning.swift in Sources */ = {isa = PBXBuildFile; fileRef = OBJ_66 /* CommandListRunning.swift */; };
		OBJ_191 /* CommandPrivilege.swift in Sources */ = {isa = PBXBuildFile; fileRef = OBJ_67 /* CommandPrivilege.swift */; };
		OBJ_192 /* CommandSay.swift in Sources */ = {isa = PBXBuildFile; fileRef = OBJ_68 /* CommandSay.swift */; };
		OBJ_193 /* CommandStop.swift in Sources */ = {isa = PBXBuildFile; fileRef = OBJ_69 /* CommandStop.swift */; };
		OBJ_194 /* CommandUnprivilege.swift in Sources */ = {isa = PBXBuildFile; fileRef = OBJ_70 /* CommandUnprivilege.swift */; };
		OBJ_195 /* DatabaseConnection.swift in Sources */ = {isa = PBXBuildFile; fileRef = OBJ_71 /* DatabaseConnection.swift */; };
		OBJ_196 /* DatabaseType.swift in Sources */ = {isa = PBXBuildFile; fileRef = OBJ_72 /* DatabaseType.swift */; };
		OBJ_197 /* ErrorHandler.swift in Sources */ = {isa = PBXBuildFile; fileRef = OBJ_73 /* ErrorHandler.swift */; };
		OBJ_198 /* Levenshtein.swift in Sources */ = {isa = PBXBuildFile; fileRef = OBJ_74 /* Levenshtein.swift */; };
		OBJ_199 /* NSStringHTMLDecoding.swift in Sources */ = {isa = PBXBuildFile; fileRef = OBJ_75 /* NSStringHTMLDecoding.swift */; };
		OBJ_200 /* Row.swift in Sources */ = {isa = PBXBuildFile; fileRef = OBJ_76 /* Row.swift */; };
		OBJ_201 /* Utilites.swift in Sources */ = {isa = PBXBuildFile; fileRef = OBJ_77 /* Utilites.swift */; };
		OBJ_202 /* WebSocket.swift in Sources */ = {isa = PBXBuildFile; fileRef = OBJ_78 /* WebSocket.swift */; };
		OBJ_91 /* Package.swift in Sources */ = {isa = PBXBuildFile; fileRef = OBJ_6 /* Package.swift */; };
		OBJ_97 /* Package.swift in Sources */ = {isa = PBXBuildFile; fileRef = OBJ_48 /* Package.swift */; };
/* End PBXBuildFile section */

/* Begin PBXContainerItemProxy section */
		E8696E3B201C836C0085A793 /* PBXContainerItemProxy */ = {
			isa = PBXContainerItemProxy;
			containerPortal = OBJ_1 /* Project object */;
			proxyType = 1;
			remoteGlobalIDString = "Yams::Yams";
			remoteInfo = Yams;
		};
		E8696E3C201C836C0085A793 /* PBXContainerItemProxy */ = {
			isa = PBXContainerItemProxy;
			containerPortal = OBJ_1 /* Project object */;
			proxyType = 1;
			remoteGlobalIDString = "Yams::CYaml";
			remoteInfo = CYaml;
		};
		E8696E3D201C836C0085A793 /* PBXContainerItemProxy */ = {
			isa = PBXContainerItemProxy;
			containerPortal = OBJ_1 /* Project object */;
			proxyType = 1;
			remoteGlobalIDString = "Yams::CYaml";
			remoteInfo = CYaml;
		};
		E8696E3E201C836C0085A793 /* PBXContainerItemProxy */ = {
			isa = PBXContainerItemProxy;
			containerPortal = OBJ_1 /* Project object */;
			proxyType = 1;
			remoteGlobalIDString = "swiftredunda::SwiftRedunda";
			remoteInfo = SwiftRedunda;
		};
		E8696E3F201C836C0085A793 /* PBXContainerItemProxy */ = {
			isa = PBXContainerItemProxy;
			containerPortal = OBJ_1 /* Project object */;
			proxyType = 1;
			remoteGlobalIDString = "SwiftChatSE::SwiftChatSE";
			remoteInfo = SwiftChatSE;
		};
/* End PBXContainerItemProxy section */

/* Begin PBXFileReference section */
		E8696E40201C83F00085A793 /* Say.swift */ = {isa = PBXFileReference; lastKnownFileType = sourcecode.swift; path = Say.swift; sourceTree = "<group>"; };
		E8696E42201C87AA0085A793 /* utils.swift */ = {isa = PBXFileReference; lastKnownFileType = sourcecode.swift; path = utils.swift; sourceTree = "<group>"; };
		E8F1C1012020A1960032F075 /* FilterSocks.swift */ = {isa = PBXFileReference; lastKnownFileType = sourcecode.swift; path = FilterSocks.swift; sourceTree = "<group>"; };
		OBJ_10 /* Checkuser.swift */ = {isa = PBXFileReference; lastKnownFileType = sourcecode.swift; path = Checkuser.swift; sourceTree = "<group>"; };
		OBJ_11 /* Commands.swift */ = {isa = PBXFileReference; lastKnownFileType = sourcecode.swift; path = Commands.swift; sourceTree = "<group>"; };
		OBJ_12 /* Creds.swift */ = {isa = PBXFileReference; lastKnownFileType = sourcecode.swift; path = Creds.swift; sourceTree = "<group>"; };
		OBJ_13 /* RedundaPingDelegate.swift */ = {isa = PBXFileReference; lastKnownFileType = sourcecode.swift; path = RedundaPingDelegate.swift; sourceTree = "<group>"; };
		OBJ_14 /* decodables.swift */ = {isa = PBXFileReference; lastKnownFileType = sourcecode.swift; path = decodables.swift; sourceTree = "<group>"; };
		OBJ_15 /* globalvars.swift */ = {isa = PBXFileReference; lastKnownFileType = sourcecode.swift; path = globalvars.swift; sourceTree = "<group>"; };
		OBJ_16 /* main.swift */ = {isa = PBXFileReference; lastKnownFileType = sourcecode.swift; path = main.swift; sourceTree = "<group>"; };
		OBJ_22 /* api.c */ = {isa = PBXFileReference; lastKnownFileType = sourcecode.c.c; path = api.c; sourceTree = "<group>"; };
		OBJ_23 /* emitter.c */ = {isa = PBXFileReference; lastKnownFileType = sourcecode.c.c; path = emitter.c; sourceTree = "<group>"; };
		OBJ_24 /* parser.c */ = {isa = PBXFileReference; lastKnownFileType = sourcecode.c.c; path = parser.c; sourceTree = "<group>"; };
		OBJ_25 /* reader.c */ = {isa = PBXFileReference; lastKnownFileType = sourcecode.c.c; path = reader.c; sourceTree = "<group>"; };
		OBJ_26 /* scanner.c */ = {isa = PBXFileReference; lastKnownFileType = sourcecode.c.c; path = scanner.c; sourceTree = "<group>"; };
		OBJ_27 /* writer.c */ = {isa = PBXFileReference; lastKnownFileType = sourcecode.c.c; path = writer.c; sourceTree = "<group>"; };
		OBJ_29 /* CYaml.h */ = {isa = PBXFileReference; lastKnownFileType = sourcecode.c.h; path = CYaml.h; sourceTree = "<group>"; };
		OBJ_30 /* yaml.h */ = {isa = PBXFileReference; lastKnownFileType = sourcecode.c.h; path = yaml.h; sourceTree = "<group>"; };
		OBJ_31 /* module.modulemap */ = {isa = PBXFileReference; lastKnownFileType = "sourcecode.module-map"; name = module.modulemap; path = /Users/hilarychlau/Desktop/xcode/sockite/sockite.xcodeproj/GeneratedModuleMap/CYaml/module.modulemap; sourceTree = "<group>"; };
		OBJ_33 /* Constructor.swift */ = {isa = PBXFileReference; lastKnownFileType = sourcecode.swift; path = Constructor.swift; sourceTree = "<group>"; };
		OBJ_34 /* Decoder.swift */ = {isa = PBXFileReference; lastKnownFileType = sourcecode.swift; path = Decoder.swift; sourceTree = "<group>"; };
		OBJ_35 /* Emitter.swift */ = {isa = PBXFileReference; lastKnownFileType = sourcecode.swift; path = Emitter.swift; sourceTree = "<group>"; };
		OBJ_36 /* Encoder.swift */ = {isa = PBXFileReference; lastKnownFileType = sourcecode.swift; path = Encoder.swift; sourceTree = "<group>"; };
		OBJ_37 /* Mark.swift */ = {isa = PBXFileReference; lastKnownFileType = sourcecode.swift; path = Mark.swift; sourceTree = "<group>"; };
		OBJ_38 /* Node.Mapping.swift */ = {isa = PBXFileReference; lastKnownFileType = sourcecode.swift; path = Node.Mapping.swift; sourceTree = "<group>"; };
		OBJ_39 /* Node.Scalar.swift */ = {isa = PBXFileReference; lastKnownFileType = sourcecode.swift; path = Node.Scalar.swift; sourceTree = "<group>"; };
		OBJ_40 /* Node.Sequence.swift */ = {isa = PBXFileReference; lastKnownFileType = sourcecode.swift; path = Node.Sequence.swift; sourceTree = "<group>"; };
		OBJ_41 /* Node.swift */ = {isa = PBXFileReference; lastKnownFileType = sourcecode.swift; path = Node.swift; sourceTree = "<group>"; };
		OBJ_42 /* Parser.swift */ = {isa = PBXFileReference; lastKnownFileType = sourcecode.swift; path = Parser.swift; sourceTree = "<group>"; };
		OBJ_43 /* Representer.swift */ = {isa = PBXFileReference; lastKnownFileType = sourcecode.swift; path = Representer.swift; sourceTree = "<group>"; };
		OBJ_44 /* Resolver.swift */ = {isa = PBXFileReference; lastKnownFileType = sourcecode.swift; path = Resolver.swift; sourceTree = "<group>"; };
		OBJ_45 /* String+Yams.swift */ = {isa = PBXFileReference; lastKnownFileType = sourcecode.swift; path = "String+Yams.swift"; sourceTree = "<group>"; };
		OBJ_46 /* Tag.swift */ = {isa = PBXFileReference; lastKnownFileType = sourcecode.swift; path = Tag.swift; sourceTree = "<group>"; };
		OBJ_47 /* YamlError.swift */ = {isa = PBXFileReference; lastKnownFileType = sourcecode.swift; path = YamlError.swift; sourceTree = "<group>"; };
		OBJ_48 /* Package.swift */ = {isa = PBXFileReference; explicitFileType = sourcecode.swift; name = Package.swift; path = "/Users/hilarychlau/Desktop/xcode/sockite/.build/checkouts/Yams.git-8068124914099325722/Package.swift"; sourceTree = "<group>"; };
		OBJ_50 /* Package.swift */ = {isa = PBXFileReference; explicitFileType = sourcecode.swift; name = Package.swift; path = "/Users/hilarychlau/Desktop/xcode/sockite/.build/checkouts/SwiftRedunda.git--7707713463606298708/Package.swift"; sourceTree = "<group>"; };
		OBJ_52 /* RedundaClient.swift */ = {isa = PBXFileReference; lastKnownFileType = sourcecode.swift; path = RedundaClient.swift; sourceTree = "<group>"; };
		OBJ_53 /* RedundaPingResponse.swift */ = {isa = PBXFileReference; lastKnownFileType = sourcecode.swift; path = RedundaPingResponse.swift; sourceTree = "<group>"; };
		OBJ_54 /* RedundaPingService.swift */ = {isa = PBXFileReference; lastKnownFileType = sourcecode.swift; path = RedundaPingService.swift; sourceTree = "<group>"; };
		OBJ_57 /* ChatListener.swift */ = {isa = PBXFileReference; lastKnownFileType = sourcecode.swift; path = ChatListener.swift; sourceTree = "<group>"; };
		OBJ_58 /* ChatMessage.swift */ = {isa = PBXFileReference; lastKnownFileType = sourcecode.swift; path = ChatMessage.swift; sourceTree = "<group>"; };
		OBJ_59 /* ChatRoom.swift */ = {isa = PBXFileReference; lastKnownFileType = sourcecode.swift; path = ChatRoom.swift; sourceTree = "<group>"; };
		OBJ_6 /* Package.swift */ = {isa = PBXFileReference; explicitFileType = sourcecode.swift; path = Package.swift; sourceTree = "<group>"; };
		OBJ_60 /* ChatUser.swift */ = {isa = PBXFileReference; lastKnownFileType = sourcecode.swift; path = ChatUser.swift; sourceTree = "<group>"; };
		OBJ_61 /* Client.swift */ = {isa = PBXFileReference; lastKnownFileType = sourcecode.swift; path = Client.swift; sourceTree = "<group>"; };
		OBJ_62 /* Command.swift */ = {isa = PBXFileReference; lastKnownFileType = sourcecode.swift; path = Command.swift; sourceTree = "<group>"; };
		OBJ_63 /* CommandCheckPrivileges.swift */ = {isa = PBXFileReference; lastKnownFileType = sourcecode.swift; path = CommandCheckPrivileges.swift; sourceTree = "<group>"; };
		OBJ_64 /* CommandDeleteMessage.swift */ = {isa = PBXFileReference; lastKnownFileType = sourcecode.swift; path = CommandDeleteMessage.swift; sourceTree = "<group>"; };
		OBJ_65 /* CommandKill.swift */ = {isa = PBXFileReference; lastKnownFileType = sourcecode.swift; path = CommandKill.swift; sourceTree = "<group>"; };
		OBJ_66 /* CommandListRunning.swift */ = {isa = PBXFileReference; lastKnownFileType = sourcecode.swift; path = CommandListRunning.swift; sourceTree = "<group>"; };
		OBJ_67 /* CommandPrivilege.swift */ = {isa = PBXFileReference; lastKnownFileType = sourcecode.swift; path = CommandPrivilege.swift; sourceTree = "<group>"; };
		OBJ_68 /* CommandSay.swift */ = {isa = PBXFileReference; lastKnownFileType = sourcecode.swift; path = CommandSay.swift; sourceTree = "<group>"; };
		OBJ_69 /* CommandStop.swift */ = {isa = PBXFileReference; lastKnownFileType = sourcecode.swift; path = CommandStop.swift; sourceTree = "<group>"; };
		OBJ_70 /* CommandUnprivilege.swift */ = {isa = PBXFileReference; lastKnownFileType = sourcecode.swift; path = CommandUnprivilege.swift; sourceTree = "<group>"; };
		OBJ_71 /* DatabaseConnection.swift */ = {isa = PBXFileReference; lastKnownFileType = sourcecode.swift; path = DatabaseConnection.swift; sourceTree = "<group>"; };
		OBJ_72 /* DatabaseType.swift */ = {isa = PBXFileReference; lastKnownFileType = sourcecode.swift; path = DatabaseType.swift; sourceTree = "<group>"; };
		OBJ_73 /* ErrorHandler.swift */ = {isa = PBXFileReference; lastKnownFileType = sourcecode.swift; path = ErrorHandler.swift; sourceTree = "<group>"; };
		OBJ_74 /* Levenshtein.swift */ = {isa = PBXFileReference; lastKnownFileType = sourcecode.swift; path = Levenshtein.swift; sourceTree = "<group>"; };
		OBJ_75 /* NSStringHTMLDecoding.swift */ = {isa = PBXFileReference; lastKnownFileType = sourcecode.swift; path = NSStringHTMLDecoding.swift; sourceTree = "<group>"; };
		OBJ_76 /* Row.swift */ = {isa = PBXFileReference; lastKnownFileType = sourcecode.swift; path = Row.swift; sourceTree = "<group>"; };
		OBJ_77 /* Utilites.swift */ = {isa = PBXFileReference; lastKnownFileType = sourcecode.swift; path = Utilites.swift; sourceTree = "<group>"; };
		OBJ_78 /* WebSocket.swift */ = {isa = PBXFileReference; lastKnownFileType = sourcecode.swift; path = WebSocket.swift; sourceTree = "<group>"; };
		OBJ_79 /* Package.swift */ = {isa = PBXFileReference; explicitFileType = sourcecode.swift; name = Package.swift; path = "/Users/hilarychlau/Desktop/xcode/sockite/.build/checkouts/SwiftChatSE.git-382065480202907840/Package.swift"; sourceTree = "<group>"; };
		OBJ_9 /* Alive.swift */ = {isa = PBXFileReference; lastKnownFileType = sourcecode.swift; path = Alive.swift; sourceTree = "<group>"; };
		"SwiftChatSE::SwiftChatSE::Product" /* SwiftChatSE.framework */ = {isa = PBXFileReference; explicitFileType = wrapper.framework; path = SwiftChatSE.framework; sourceTree = BUILT_PRODUCTS_DIR; };
		"Yams::CYaml::Product" /* CYaml.framework */ = {isa = PBXFileReference; explicitFileType = wrapper.framework; path = CYaml.framework; sourceTree = BUILT_PRODUCTS_DIR; };
		"Yams::Yams::Product" /* Yams.framework */ = {isa = PBXFileReference; explicitFileType = wrapper.framework; path = Yams.framework; sourceTree = BUILT_PRODUCTS_DIR; };
		"sockite::sockite::Product" /* sockite */ = {isa = PBXFileReference; lastKnownFileType = text; path = sockite; sourceTree = BUILT_PRODUCTS_DIR; };
		"swiftredunda::SwiftRedunda::Product" /* SwiftRedunda.framework */ = {isa = PBXFileReference; explicitFileType = wrapper.framework; path = SwiftRedunda.framework; sourceTree = BUILT_PRODUCTS_DIR; };
/* End PBXFileReference section */

/* Begin PBXFrameworksBuildPhase section */
		OBJ_123 /* Frameworks */ = {
			isa = PBXFrameworksBuildPhase;
			buildActionMask = 0;
			files = (
				OBJ_124 /* Yams.framework in Frameworks */,
				OBJ_125 /* CYaml.framework in Frameworks */,
				OBJ_126 /* SwiftRedunda.framework in Frameworks */,
				OBJ_127 /* SwiftChatSE.framework in Frameworks */,
			);
			runOnlyForDeploymentPostprocessing = 0;
		};
		OBJ_155 /* Frameworks */ = {
			isa = PBXFrameworksBuildPhase;
			buildActionMask = 0;
			files = (
				OBJ_156 /* CYaml.framework in Frameworks */,
			);
			runOnlyForDeploymentPostprocessing = 0;
		};
		OBJ_168 /* Frameworks */ = {
			isa = PBXFrameworksBuildPhase;
			buildActionMask = 0;
			files = (
			);
			runOnlyForDeploymentPostprocessing = 0;
		};
		OBJ_176 /* Frameworks */ = {
			isa = PBXFrameworksBuildPhase;
			buildActionMask = 0;
			files = (
			);
			runOnlyForDeploymentPostprocessing = 0;
		};
		OBJ_203 /* Frameworks */ = {
			isa = PBXFrameworksBuildPhase;
			buildActionMask = 0;
			files = (
			);
			runOnlyForDeploymentPostprocessing = 0;
		};
/* End PBXFrameworksBuildPhase section */

/* Begin PBXGroup section */
		OBJ_17 /* Tests */ = {
			isa = PBXGroup;
			children = (
			);
			name = Tests;
			sourceTree = SOURCE_ROOT;
		};
		OBJ_18 /* Dependencies */ = {
			isa = PBXGroup;
			children = (
				OBJ_19 /* Yams 0.5.0 */,
				OBJ_49 /* swiftredunda 0.1.3 */,
				OBJ_55 /* SwiftChatSE 5.0.4 */,
			);
			name = Dependencies;
			sourceTree = "<group>";
		};
		OBJ_19 /* Yams 0.5.0 */ = {
			isa = PBXGroup;
			children = (
				OBJ_20 /* CYaml */,
				OBJ_32 /* Yams */,
				OBJ_48 /* Package.swift */,
			);
			name = "Yams 0.5.0";
			sourceTree = SOURCE_ROOT;
		};
		OBJ_20 /* CYaml */ = {
			isa = PBXGroup;
			children = (
				OBJ_21 /* src */,
				OBJ_28 /* include */,
			);
			name = CYaml;
			path = ".build/checkouts/Yams.git-8068124914099325722/Sources/CYaml";
			sourceTree = SOURCE_ROOT;
		};
		OBJ_21 /* src */ = {
			isa = PBXGroup;
			children = (
				OBJ_22 /* api.c */,
				OBJ_23 /* emitter.c */,
				OBJ_24 /* parser.c */,
				OBJ_25 /* reader.c */,
				OBJ_26 /* scanner.c */,
				OBJ_27 /* writer.c */,
			);
			path = src;
			sourceTree = "<group>";
		};
		OBJ_28 /* include */ = {
			isa = PBXGroup;
			children = (
				OBJ_29 /* CYaml.h */,
				OBJ_30 /* yaml.h */,
				OBJ_31 /* module.modulemap */,
			);
			path = include;
			sourceTree = "<group>";
		};
		OBJ_32 /* Yams */ = {
			isa = PBXGroup;
			children = (
				OBJ_33 /* Constructor.swift */,
				OBJ_34 /* Decoder.swift */,
				OBJ_35 /* Emitter.swift */,
				OBJ_36 /* Encoder.swift */,
				OBJ_37 /* Mark.swift */,
				OBJ_38 /* Node.Mapping.swift */,
				OBJ_39 /* Node.Scalar.swift */,
				OBJ_40 /* Node.Sequence.swift */,
				OBJ_41 /* Node.swift */,
				OBJ_42 /* Parser.swift */,
				OBJ_43 /* Representer.swift */,
				OBJ_44 /* Resolver.swift */,
				OBJ_45 /* String+Yams.swift */,
				OBJ_46 /* Tag.swift */,
				OBJ_47 /* YamlError.swift */,
			);
			name = Yams;
			path = ".build/checkouts/Yams.git-8068124914099325722/Sources/Yams";
			sourceTree = SOURCE_ROOT;
		};
		OBJ_49 /* swiftredunda 0.1.3 */ = {
			isa = PBXGroup;
			children = (
				OBJ_50 /* Package.swift */,
				OBJ_51 /* swiftredunda */,
			);
			name = "swiftredunda 0.1.3";
			path = ".build/checkouts/SwiftRedunda.git--7707713463606298708/Sources";
			sourceTree = SOURCE_ROOT;
		};
		OBJ_5 = {
			isa = PBXGroup;
			children = (
				OBJ_6 /* Package.swift */,
				OBJ_7 /* Sources */,
				OBJ_17 /* Tests */,
				OBJ_18 /* Dependencies */,
				OBJ_80 /* Products */,
			);
			sourceTree = "<group>";
		};
		OBJ_51 /* swiftredunda */ = {
			isa = PBXGroup;
			children = (
				OBJ_52 /* RedundaClient.swift */,
				OBJ_53 /* RedundaPingResponse.swift */,
				OBJ_54 /* RedundaPingService.swift */,
			);
			path = swiftredunda;
			sourceTree = "<group>";
		};
		OBJ_55 /* SwiftChatSE 5.0.4 */ = {
			isa = PBXGroup;
			children = (
				OBJ_56 /* SwiftChatSE */,
				OBJ_79 /* Package.swift */,
			);
			name = "SwiftChatSE 5.0.4";
			sourceTree = SOURCE_ROOT;
		};
		OBJ_56 /* SwiftChatSE */ = {
			isa = PBXGroup;
			children = (
				OBJ_57 /* ChatListener.swift */,
				OBJ_58 /* ChatMessage.swift */,
				OBJ_59 /* ChatRoom.swift */,
				OBJ_60 /* ChatUser.swift */,
				OBJ_61 /* Client.swift */,
				OBJ_62 /* Command.swift */,
				OBJ_63 /* CommandCheckPrivileges.swift */,
				OBJ_64 /* CommandDeleteMessage.swift */,
				OBJ_65 /* CommandKill.swift */,
				OBJ_66 /* CommandListRunning.swift */,
				OBJ_67 /* CommandPrivilege.swift */,
				OBJ_68 /* CommandSay.swift */,
				OBJ_69 /* CommandStop.swift */,
				OBJ_70 /* CommandUnprivilege.swift */,
				OBJ_71 /* DatabaseConnection.swift */,
				OBJ_72 /* DatabaseType.swift */,
				OBJ_73 /* ErrorHandler.swift */,
				OBJ_74 /* Levenshtein.swift */,
				OBJ_75 /* NSStringHTMLDecoding.swift */,
				OBJ_76 /* Row.swift */,
				OBJ_77 /* Utilites.swift */,
				OBJ_78 /* WebSocket.swift */,
			);
			name = SwiftChatSE;
			path = ".build/checkouts/SwiftChatSE.git-382065480202907840/Sources/SwiftChatSE";
			sourceTree = SOURCE_ROOT;
		};
		OBJ_7 /* Sources */ = {
			isa = PBXGroup;
			children = (
				OBJ_8 /* sockite */,
			);
			name = Sources;
			sourceTree = SOURCE_ROOT;
		};
		OBJ_8 /* sockite */ = {
			isa = PBXGroup;
			children = (
				OBJ_9 /* Alive.swift */,
				E8F1C1012020A1960032F075 /* FilterSocks.swift */,
				E8696E40201C83F00085A793 /* Say.swift */,
				E8696E42201C87AA0085A793 /* utils.swift */,
				OBJ_10 /* Checkuser.swift */,
				OBJ_11 /* Commands.swift */,
				OBJ_12 /* Creds.swift */,
				OBJ_13 /* RedundaPingDelegate.swift */,
				OBJ_14 /* decodables.swift */,
				OBJ_15 /* globalvars.swift */,
				OBJ_16 /* main.swift */,
			);
			name = sockite;
			path = Sources/sockite;
			sourceTree = SOURCE_ROOT;
		};
		OBJ_80 /* Products */ = {
			isa = PBXGroup;
			children = (
				"sockite::sockite::Product" /* sockite */,
				"Yams::Yams::Product" /* Yams.framework */,
				"Yams::CYaml::Product" /* CYaml.framework */,
				"swiftredunda::SwiftRedunda::Product" /* SwiftRedunda.framework */,
				"SwiftChatSE::SwiftChatSE::Product" /* SwiftChatSE.framework */,
			);
			name = Products;
			sourceTree = BUILT_PRODUCTS_DIR;
		};
/* End PBXGroup section */

/* Begin PBXNativeTarget section */
		"SwiftChatSE::SwiftChatSE" /* SwiftChatSE */ = {
			isa = PBXNativeTarget;
			buildConfigurationList = OBJ_177 /* Build configuration list for PBXNativeTarget "SwiftChatSE" */;
			buildPhases = (
				OBJ_180 /* Sources */,
				OBJ_203 /* Frameworks */,
			);
			buildRules = (
			);
			dependencies = (
			);
			name = SwiftChatSE;
			productName = SwiftChatSE;
			productReference = "SwiftChatSE::SwiftChatSE::Product" /* SwiftChatSE.framework */;
			productType = "com.apple.product-type.framework";
		};
		"SwiftChatSE::SwiftPMPackageDescription" /* SwiftChatSEPackageDescription */ = {
			isa = PBXNativeTarget;
			buildConfigurationList = OBJ_105 /* Build configuration list for PBXNativeTarget "SwiftChatSEPackageDescription" */;
			buildPhases = (
				OBJ_108 /* Sources */,
			);
			buildRules = (
			);
			dependencies = (
			);
			name = SwiftChatSEPackageDescription;
			productName = SwiftChatSEPackageDescription;
			productType = "com.apple.product-type.framework";
		};
		"Yams::CYaml" /* CYaml */ = {
			isa = PBXNativeTarget;
			buildConfigurationList = OBJ_158 /* Build configuration list for PBXNativeTarget "CYaml" */;
			buildPhases = (
				OBJ_161 /* Sources */,
				OBJ_168 /* Frameworks */,
			);
			buildRules = (
			);
			dependencies = (
			);
			name = CYaml;
			productName = CYaml;
			productReference = "Yams::CYaml::Product" /* CYaml.framework */;
			productType = "com.apple.product-type.framework";
		};
		"Yams::SwiftPMPackageDescription" /* YamsPackageDescription */ = {
			isa = PBXNativeTarget;
			buildConfigurationList = OBJ_93 /* Build configuration list for PBXNativeTarget "YamsPackageDescription" */;
			buildPhases = (
				OBJ_96 /* Sources */,
			);
			buildRules = (
			);
			dependencies = (
			);
			name = YamsPackageDescription;
			productName = YamsPackageDescription;
			productType = "com.apple.product-type.framework";
		};
		"Yams::Yams" /* Yams */ = {
			isa = PBXNativeTarget;
			buildConfigurationList = OBJ_136 /* Build configuration list for PBXNativeTarget "Yams" */;
			buildPhases = (
				OBJ_139 /* Sources */,
				OBJ_155 /* Frameworks */,
			);
			buildRules = (
			);
			dependencies = (
				OBJ_157 /* PBXTargetDependency */,
			);
			name = Yams;
			productName = Yams;
			productReference = "Yams::Yams::Product" /* Yams.framework */;
			productType = "com.apple.product-type.framework";
		};
		"sockite::SwiftPMPackageDescription" /* sockitePackageDescription */ = {
			isa = PBXNativeTarget;
			buildConfigurationList = OBJ_87 /* Build configuration list for PBXNativeTarget "sockitePackageDescription" */;
			buildPhases = (
				OBJ_90 /* Sources */,
			);
			buildRules = (
			);
			dependencies = (
			);
			name = sockitePackageDescription;
			productName = sockitePackageDescription;
			productType = "com.apple.product-type.framework";
		};
		"sockite::sockite" /* sockite */ = {
			isa = PBXNativeTarget;
			buildConfigurationList = OBJ_111 /* Build configuration list for PBXNativeTarget "sockite" */;
			buildPhases = (
				OBJ_114 /* Sources */,
				OBJ_123 /* Frameworks */,
			);
			buildRules = (
			);
			dependencies = (
				OBJ_128 /* PBXTargetDependency */,
				OBJ_130 /* PBXTargetDependency */,
				OBJ_132 /* PBXTargetDependency */,
				OBJ_134 /* PBXTargetDependency */,
			);
			name = sockite;
			productName = sockite;
			productReference = "sockite::sockite::Product" /* sockite */;
			productType = "com.apple.product-type.tool";
		};
		"swiftredunda::SwiftPMPackageDescription" /* swiftredundaPackageDescription */ = {
			isa = PBXNativeTarget;
			buildConfigurationList = OBJ_99 /* Build configuration list for PBXNativeTarget "swiftredundaPackageDescription" */;
			buildPhases = (
				OBJ_102 /* Sources */,
			);
			buildRules = (
			);
			dependencies = (
			);
			name = swiftredundaPackageDescription;
			productName = swiftredundaPackageDescription;
			productType = "com.apple.product-type.framework";
		};
		"swiftredunda::SwiftRedunda" /* SwiftRedunda */ = {
			isa = PBXNativeTarget;
			buildConfigurationList = OBJ_169 /* Build configuration list for PBXNativeTarget "SwiftRedunda" */;
			buildPhases = (
				OBJ_172 /* Sources */,
				OBJ_176 /* Frameworks */,
			);
			buildRules = (
			);
			dependencies = (
			);
			name = SwiftRedunda;
			productName = SwiftRedunda;
			productReference = "swiftredunda::SwiftRedunda::Product" /* SwiftRedunda.framework */;
			productType = "com.apple.product-type.framework";
		};
/* End PBXNativeTarget section */

/* Begin PBXProject section */
		OBJ_1 /* Project object */ = {
			isa = PBXProject;
			attributes = {
				LastUpgradeCheck = 9999;
			};
			buildConfigurationList = OBJ_2 /* Build configuration list for PBXProject "sockite" */;
			compatibilityVersion = "Xcode 3.2";
			developmentRegion = English;
			hasScannedForEncodings = 0;
			knownRegions = (
				en,
			);
			mainGroup = OBJ_5;
			productRefGroup = OBJ_80 /* Products */;
			projectDirPath = "";
			projectRoot = "";
			targets = (
				"sockite::SwiftPMPackageDescription" /* sockitePackageDescription */,
				"Yams::SwiftPMPackageDescription" /* YamsPackageDescription */,
				"swiftredunda::SwiftPMPackageDescription" /* swiftredundaPackageDescription */,
				"SwiftChatSE::SwiftPMPackageDescription" /* SwiftChatSEPackageDescription */,
				"sockite::sockite" /* sockite */,
				"Yams::Yams" /* Yams */,
				"Yams::CYaml" /* CYaml */,
				"swiftredunda::SwiftRedunda" /* SwiftRedunda */,
				"SwiftChatSE::SwiftChatSE" /* SwiftChatSE */,
			);
		};
/* End PBXProject section */

/* Begin PBXSourcesBuildPhase section */
		OBJ_102 /* Sources */ = {
			isa = PBXSourcesBuildPhase;
			buildActionMask = 0;
			files = (
				OBJ_103 /* Package.swift in Sources */,
			);
			runOnlyForDeploymentPostprocessing = 0;
		};
		OBJ_108 /* Sources */ = {
			isa = PBXSourcesBuildPhase;
			buildActionMask = 0;
			files = (
				OBJ_109 /* Package.swift in Sources */,
			);
			runOnlyForDeploymentPostprocessing = 0;
		};
		OBJ_114 /* Sources */ = {
			isa = PBXSourcesBuildPhase;
			buildActionMask = 0;
			files = (
				OBJ_115 /* Alive.swift in Sources */,
				OBJ_116 /* Checkuser.swift in Sources */,
				OBJ_117 /* Commands.swift in Sources */,
				OBJ_118 /* Creds.swift in Sources */,
				OBJ_119 /* RedundaPingDelegate.swift in Sources */,
				OBJ_120 /* decodables.swift in Sources */,
				OBJ_121 /* globalvars.swift in Sources */,
				OBJ_122 /* main.swift in Sources */,
			);
			runOnlyForDeploymentPostprocessing = 0;
		};
		OBJ_139 /* Sources */ = {
			isa = PBXSourcesBuildPhase;
			buildActionMask = 0;
			files = (
				OBJ_140 /* Constructor.swift in Sources */,
				OBJ_141 /* Decoder.swift in Sources */,
				OBJ_142 /* Emitter.swift in Sources */,
				OBJ_143 /* Encoder.swift in Sources */,
				OBJ_144 /* Mark.swift in Sources */,
				OBJ_145 /* Node.Mapping.swift in Sources */,
				OBJ_146 /* Node.Scalar.swift in Sources */,
				OBJ_147 /* Node.Sequence.swift in Sources */,
				OBJ_148 /* Node.swift in Sources */,
				OBJ_149 /* Parser.swift in Sources */,
				OBJ_150 /* Representer.swift in Sources */,
				OBJ_151 /* Resolver.swift in Sources */,
				OBJ_152 /* String+Yams.swift in Sources */,
				OBJ_153 /* Tag.swift in Sources */,
				OBJ_154 /* YamlError.swift in Sources */,
			);
			runOnlyForDeploymentPostprocessing = 0;
		};
		OBJ_161 /* Sources */ = {
			isa = PBXSourcesBuildPhase;
			buildActionMask = 0;
			files = (
				OBJ_162 /* api.c in Sources */,
				OBJ_163 /* emitter.c in Sources */,
				OBJ_164 /* parser.c in Sources */,
				OBJ_165 /* reader.c in Sources */,
				OBJ_166 /* scanner.c in Sources */,
				OBJ_167 /* writer.c in Sources */,
			);
			runOnlyForDeploymentPostprocessing = 0;
		};
		OBJ_172 /* Sources */ = {
			isa = PBXSourcesBuildPhase;
			buildActionMask = 0;
			files = (
				OBJ_173 /* RedundaClient.swift in Sources */,
				OBJ_174 /* RedundaPingResponse.swift in Sources */,
				OBJ_175 /* RedundaPingService.swift in Sources */,
			);
			runOnlyForDeploymentPostprocessing = 0;
		};
		OBJ_180 /* Sources */ = {
			isa = PBXSourcesBuildPhase;
			buildActionMask = 0;
			files = (
				OBJ_181 /* ChatListener.swift in Sources */,
				OBJ_182 /* ChatMessage.swift in Sources */,
				OBJ_183 /* ChatRoom.swift in Sources */,
				OBJ_184 /* ChatUser.swift in Sources */,
				OBJ_185 /* Client.swift in Sources */,
				OBJ_186 /* Command.swift in Sources */,
				OBJ_187 /* CommandCheckPrivileges.swift in Sources */,
				OBJ_188 /* CommandDeleteMessage.swift in Sources */,
				OBJ_189 /* CommandKill.swift in Sources */,
				OBJ_190 /* CommandListRunning.swift in Sources */,
				OBJ_191 /* CommandPrivilege.swift in Sources */,
				OBJ_192 /* CommandSay.swift in Sources */,
				OBJ_193 /* CommandStop.swift in Sources */,
				OBJ_194 /* CommandUnprivilege.swift in Sources */,
				OBJ_195 /* DatabaseConnection.swift in Sources */,
				OBJ_196 /* DatabaseType.swift in Sources */,
				OBJ_197 /* ErrorHandler.swift in Sources */,
				OBJ_198 /* Levenshtein.swift in Sources */,
				OBJ_199 /* NSStringHTMLDecoding.swift in Sources */,
				OBJ_200 /* Row.swift in Sources */,
				OBJ_201 /* Utilites.swift in Sources */,
				OBJ_202 /* WebSocket.swift in Sources */,
			);
			runOnlyForDeploymentPostprocessing = 0;
		};
		OBJ_90 /* Sources */ = {
			isa = PBXSourcesBuildPhase;
			buildActionMask = 0;
			files = (
				E8696E43201C87AA0085A793 /* utils.swift in Sources */,
				E8F1C1022020A1960032F075 /* FilterSocks.swift in Sources */,
				OBJ_91 /* Package.swift in Sources */,
				E8696E41201C83F00085A793 /* Say.swift in Sources */,
			);
			runOnlyForDeploymentPostprocessing = 0;
		};
		OBJ_96 /* Sources */ = {
			isa = PBXSourcesBuildPhase;
			buildActionMask = 0;
			files = (
				OBJ_97 /* Package.swift in Sources */,
			);
			runOnlyForDeploymentPostprocessing = 0;
		};
/* End PBXSourcesBuildPhase section */

/* Begin PBXTargetDependency section */
		OBJ_128 /* PBXTargetDependency */ = {
			isa = PBXTargetDependency;
			target = "Yams::Yams" /* Yams */;
			targetProxy = E8696E3B201C836C0085A793 /* PBXContainerItemProxy */;
		};
		OBJ_130 /* PBXTargetDependency */ = {
			isa = PBXTargetDependency;
			target = "Yams::CYaml" /* CYaml */;
			targetProxy = E8696E3D201C836C0085A793 /* PBXContainerItemProxy */;
		};
		OBJ_132 /* PBXTargetDependency */ = {
			isa = PBXTargetDependency;
			target = "swiftredunda::SwiftRedunda" /* SwiftRedunda */;
			targetProxy = E8696E3E201C836C0085A793 /* PBXContainerItemProxy */;
		};
		OBJ_134 /* PBXTargetDependency */ = {
			isa = PBXTargetDependency;
			target = "SwiftChatSE::SwiftChatSE" /* SwiftChatSE */;
			targetProxy = E8696E3F201C836C0085A793 /* PBXContainerItemProxy */;
		};
		OBJ_157 /* PBXTargetDependency */ = {
			isa = PBXTargetDependency;
			target = "Yams::CYaml" /* CYaml */;
			targetProxy = E8696E3C201C836C0085A793 /* PBXContainerItemProxy */;
		};
/* End PBXTargetDependency section */

/* Begin XCBuildConfiguration section */
		OBJ_100 /* Debug */ = {
			isa = XCBuildConfiguration;
			buildSettings = {
				LD = /usr/bin/true;
				OTHER_SWIFT_FLAGS = "-swift-version 4 -I /Applications/Xcode.app/Contents/Developer/Toolchains/XcodeDefault.xctoolchain/usr/lib/swift/pm/4 -target x86_64-apple-macosx10.10 -sdk /Applications/Xcode.app/Contents/Developer/Platforms/MacOSX.platform/Developer/SDKs/MacOSX10.13.sdk";
				SWIFT_VERSION = 4.0;
			};
			name = Debug;
		};
		OBJ_101 /* Release */ = {
			isa = XCBuildConfiguration;
			buildSettings = {
				LD = /usr/bin/true;
				OTHER_SWIFT_FLAGS = "-swift-version 4 -I /Applications/Xcode.app/Contents/Developer/Toolchains/XcodeDefault.xctoolchain/usr/lib/swift/pm/4 -target x86_64-apple-macosx10.10 -sdk /Applications/Xcode.app/Contents/Developer/Platforms/MacOSX.platform/Developer/SDKs/MacOSX10.13.sdk";
				SWIFT_VERSION = 4.0;
			};
			name = Release;
		};
		OBJ_106 /* Debug */ = {
			isa = XCBuildConfiguration;
			buildSettings = {
				LD = /usr/bin/true;
				OTHER_SWIFT_FLAGS = "-swift-version 4 -I /Applications/Xcode.app/Contents/Developer/Toolchains/XcodeDefault.xctoolchain/usr/lib/swift/pm/4 -target x86_64-apple-macosx10.10 -sdk /Applications/Xcode.app/Contents/Developer/Platforms/MacOSX.platform/Developer/SDKs/MacOSX10.13.sdk";
				SWIFT_VERSION = 4.0;
			};
			name = Debug;
		};
		OBJ_107 /* Release */ = {
			isa = XCBuildConfiguration;
			buildSettings = {
				LD = /usr/bin/true;
				OTHER_SWIFT_FLAGS = "-swift-version 4 -I /Applications/Xcode.app/Contents/Developer/Toolchains/XcodeDefault.xctoolchain/usr/lib/swift/pm/4 -target x86_64-apple-macosx10.10 -sdk /Applications/Xcode.app/Contents/Developer/Platforms/MacOSX.platform/Developer/SDKs/MacOSX10.13.sdk";
				SWIFT_VERSION = 4.0;
			};
			name = Release;
		};
		OBJ_112 /* Debug */ = {
			isa = XCBuildConfiguration;
			buildSettings = {
				FRAMEWORK_SEARCH_PATHS = (
					"$(inherited)",
					"$(PLATFORM_DIR)/Developer/Library/Frameworks",
				);
				HEADER_SEARCH_PATHS = (
					"$(inherited)",
					"$(SRCROOT)/.build/checkouts/Yams.git-8068124914099325722/Sources/CYaml/include",
					"$(SRCROOT)/.build/checkouts/CSQLite--3339553559826851062",
					"$(SRCROOT)/.build/checkouts/Clibwebsockets-5953100590507442118",
					"$(SRCROOT)/.build/checkouts/COpenSSL-1810406100236790037",
					"$(SRCROOT)/sockite.xcodeproj/GeneratedModuleMap/CYaml",
				);
				INFOPLIST_FILE = sockite.xcodeproj/sockite_Info.plist;
				LD_RUNPATH_SEARCH_PATHS = "$(TOOLCHAIN_DIR)/usr/lib/swift/macosx @executable_path";
				OTHER_LDFLAGS = (
					"$(inherited)",
					"-L/usr/local/Cellar/libwebsockets/2.4.1_1/lib",
					"-lwebsockets",
					"-L/usr/local/Cellar/openssl/1.0.2n/lib",
					"-lssl",
					"-L/usr/local/Cellar/openssl/1.0.2n/lib",
					"-lcrypto",
				);
				OTHER_SWIFT_FLAGS = "$(inherited) -I/usr/local/Cellar/libwebsockets/2.4.1_1/include -I/usr/local/Cellar/openssl/1.0.2n/include -I/usr/local/Cellar/openssl/1.0.2n/include -Xcc -fmodule-map-file=$(SRCROOT)/sockite.xcodeproj/GeneratedModuleMap/CYaml/module.modulemap";
				SWIFT_FORCE_DYNAMIC_LINK_STDLIB = YES;
				SWIFT_FORCE_STATIC_LINK_STDLIB = NO;
				SWIFT_VERSION = 4.0;
				TARGET_NAME = sockite;
			};
			name = Debug;
		};
		OBJ_113 /* Release */ = {
			isa = XCBuildConfiguration;
			buildSettings = {
				FRAMEWORK_SEARCH_PATHS = (
					"$(inherited)",
					"$(PLATFORM_DIR)/Developer/Library/Frameworks",
				);
				HEADER_SEARCH_PATHS = (
					"$(inherited)",
					"$(SRCROOT)/.build/checkouts/Yams.git-8068124914099325722/Sources/CYaml/include",
					"$(SRCROOT)/.build/checkouts/CSQLite--3339553559826851062",
					"$(SRCROOT)/.build/checkouts/Clibwebsockets-5953100590507442118",
					"$(SRCROOT)/.build/checkouts/COpenSSL-1810406100236790037",
					"$(SRCROOT)/sockite.xcodeproj/GeneratedModuleMap/CYaml",
				);
				INFOPLIST_FILE = sockite.xcodeproj/sockite_Info.plist;
				LD_RUNPATH_SEARCH_PATHS = "$(TOOLCHAIN_DIR)/usr/lib/swift/macosx @executable_path";
				OTHER_LDFLAGS = (
					"$(inherited)",
					"-L/usr/local/Cellar/libwebsockets/2.4.1_1/lib",
					"-lwebsockets",
					"-L/usr/local/Cellar/openssl/1.0.2n/lib",
					"-lssl",
					"-L/usr/local/Cellar/openssl/1.0.2n/lib",
					"-lcrypto",
				);
				OTHER_SWIFT_FLAGS = "$(inherited) -I/usr/local/Cellar/libwebsockets/2.4.1_1/include -I/usr/local/Cellar/openssl/1.0.2n/include -I/usr/local/Cellar/openssl/1.0.2n/include -Xcc -fmodule-map-file=$(SRCROOT)/sockite.xcodeproj/GeneratedModuleMap/CYaml/module.modulemap";
				SWIFT_FORCE_DYNAMIC_LINK_STDLIB = YES;
				SWIFT_FORCE_STATIC_LINK_STDLIB = NO;
				SWIFT_VERSION = 4.0;
				TARGET_NAME = sockite;
			};
			name = Release;
		};
		OBJ_137 /* Debug */ = {
			isa = XCBuildConfiguration;
			buildSettings = {
				ENABLE_TESTABILITY = YES;
				FRAMEWORK_SEARCH_PATHS = (
					"$(inherited)",
					"$(PLATFORM_DIR)/Developer/Library/Frameworks",
				);
				HEADER_SEARCH_PATHS = (
					"$(inherited)",
					"$(SRCROOT)/.build/checkouts/Yams.git-8068124914099325722/Sources/CYaml/include",
					"$(SRCROOT)/sockite.xcodeproj/GeneratedModuleMap/CYaml",
				);
				INFOPLIST_FILE = sockite.xcodeproj/Yams_Info.plist;
				LD_RUNPATH_SEARCH_PATHS = "$(TOOLCHAIN_DIR)/usr/lib/swift/macosx";
				OTHER_LDFLAGS = "$(inherited)";
				OTHER_SWIFT_FLAGS = "$(inherited) -Xcc -fmodule-map-file=$(SRCROOT)/sockite.xcodeproj/GeneratedModuleMap/CYaml/module.modulemap";
				PRODUCT_BUNDLE_IDENTIFIER = Yams;
				PRODUCT_MODULE_NAME = "$(TARGET_NAME:c99extidentifier)";
				PRODUCT_NAME = "$(TARGET_NAME:c99extidentifier)";
				SKIP_INSTALL = YES;
				SWIFT_VERSION = 4.0;
				TARGET_NAME = Yams;
			};
			name = Debug;
		};
		OBJ_138 /* Release */ = {
			isa = XCBuildConfiguration;
			buildSettings = {
				ENABLE_TESTABILITY = YES;
				FRAMEWORK_SEARCH_PATHS = (
					"$(inherited)",
					"$(PLATFORM_DIR)/Developer/Library/Frameworks",
				);
				HEADER_SEARCH_PATHS = (
					"$(inherited)",
					"$(SRCROOT)/.build/checkouts/Yams.git-8068124914099325722/Sources/CYaml/include",
					"$(SRCROOT)/sockite.xcodeproj/GeneratedModuleMap/CYaml",
				);
				INFOPLIST_FILE = sockite.xcodeproj/Yams_Info.plist;
				LD_RUNPATH_SEARCH_PATHS = "$(TOOLCHAIN_DIR)/usr/lib/swift/macosx";
				OTHER_LDFLAGS = "$(inherited)";
				OTHER_SWIFT_FLAGS = "$(inherited) -Xcc -fmodule-map-file=$(SRCROOT)/sockite.xcodeproj/GeneratedModuleMap/CYaml/module.modulemap";
				PRODUCT_BUNDLE_IDENTIFIER = Yams;
				PRODUCT_MODULE_NAME = "$(TARGET_NAME:c99extidentifier)";
				PRODUCT_NAME = "$(TARGET_NAME:c99extidentifier)";
				SKIP_INSTALL = YES;
				SWIFT_VERSION = 4.0;
				TARGET_NAME = Yams;
			};
			name = Release;
		};
		OBJ_159 /* Debug */ = {
			isa = XCBuildConfiguration;
			buildSettings = {
				DEFINES_MODULE = NO;
				ENABLE_TESTABILITY = YES;
				FRAMEWORK_SEARCH_PATHS = (
					"$(inherited)",
					"$(PLATFORM_DIR)/Developer/Library/Frameworks",
				);
				HEADER_SEARCH_PATHS = (
					"$(inherited)",
					"$(SRCROOT)/.build/checkouts/Yams.git-8068124914099325722/Sources/CYaml/include",
				);
				INFOPLIST_FILE = sockite.xcodeproj/CYaml_Info.plist;
				LD_RUNPATH_SEARCH_PATHS = "$(TOOLCHAIN_DIR)/usr/lib/swift/macosx";
				OTHER_LDFLAGS = "$(inherited)";
				OTHER_SWIFT_FLAGS = "$(inherited)";
				PRODUCT_BUNDLE_IDENTIFIER = CYaml;
				PRODUCT_MODULE_NAME = "$(TARGET_NAME:c99extidentifier)";
				PRODUCT_NAME = "$(TARGET_NAME:c99extidentifier)";
				SKIP_INSTALL = YES;
				TARGET_NAME = CYaml;
			};
			name = Debug;
		};
		OBJ_160 /* Release */ = {
			isa = XCBuildConfiguration;
			buildSettings = {
				DEFINES_MODULE = NO;
				ENABLE_TESTABILITY = YES;
				FRAMEWORK_SEARCH_PATHS = (
					"$(inherited)",
					"$(PLATFORM_DIR)/Developer/Library/Frameworks",
				);
				HEADER_SEARCH_PATHS = (
					"$(inherited)",
					"$(SRCROOT)/.build/checkouts/Yams.git-8068124914099325722/Sources/CYaml/include",
				);
				INFOPLIST_FILE = sockite.xcodeproj/CYaml_Info.plist;
				LD_RUNPATH_SEARCH_PATHS = "$(TOOLCHAIN_DIR)/usr/lib/swift/macosx";
				OTHER_LDFLAGS = "$(inherited)";
				OTHER_SWIFT_FLAGS = "$(inherited)";
				PRODUCT_BUNDLE_IDENTIFIER = CYaml;
				PRODUCT_MODULE_NAME = "$(TARGET_NAME:c99extidentifier)";
				PRODUCT_NAME = "$(TARGET_NAME:c99extidentifier)";
				SKIP_INSTALL = YES;
				TARGET_NAME = CYaml;
			};
			name = Release;
		};
		OBJ_170 /* Debug */ = {
			isa = XCBuildConfiguration;
			buildSettings = {
				ENABLE_TESTABILITY = YES;
				FRAMEWORK_SEARCH_PATHS = (
					"$(inherited)",
					"$(PLATFORM_DIR)/Developer/Library/Frameworks",
				);
				HEADER_SEARCH_PATHS = "$(inherited)";
				INFOPLIST_FILE = sockite.xcodeproj/SwiftRedunda_Info.plist;
				LD_RUNPATH_SEARCH_PATHS = "$(TOOLCHAIN_DIR)/usr/lib/swift/macosx";
				OTHER_LDFLAGS = "$(inherited)";
				OTHER_SWIFT_FLAGS = "$(inherited)";
				PRODUCT_BUNDLE_IDENTIFIER = SwiftRedunda;
				PRODUCT_MODULE_NAME = "$(TARGET_NAME:c99extidentifier)";
				PRODUCT_NAME = "$(TARGET_NAME:c99extidentifier)";
				SKIP_INSTALL = YES;
				SWIFT_VERSION = 4.0;
				TARGET_NAME = SwiftRedunda;
			};
			name = Debug;
		};
		OBJ_171 /* Release */ = {
			isa = XCBuildConfiguration;
			buildSettings = {
				ENABLE_TESTABILITY = YES;
				FRAMEWORK_SEARCH_PATHS = (
					"$(inherited)",
					"$(PLATFORM_DIR)/Developer/Library/Frameworks",
				);
				HEADER_SEARCH_PATHS = "$(inherited)";
				INFOPLIST_FILE = sockite.xcodeproj/SwiftRedunda_Info.plist;
				LD_RUNPATH_SEARCH_PATHS = "$(TOOLCHAIN_DIR)/usr/lib/swift/macosx";
				OTHER_LDFLAGS = "$(inherited)";
				OTHER_SWIFT_FLAGS = "$(inherited)";
				PRODUCT_BUNDLE_IDENTIFIER = SwiftRedunda;
				PRODUCT_MODULE_NAME = "$(TARGET_NAME:c99extidentifier)";
				PRODUCT_NAME = "$(TARGET_NAME:c99extidentifier)";
				SKIP_INSTALL = YES;
				SWIFT_VERSION = 4.0;
				TARGET_NAME = SwiftRedunda;
			};
			name = Release;
		};
		OBJ_178 /* Debug */ = {
			isa = XCBuildConfiguration;
			buildSettings = {
				ENABLE_TESTABILITY = YES;
				FRAMEWORK_SEARCH_PATHS = (
					"$(inherited)",
					"$(PLATFORM_DIR)/Developer/Library/Frameworks",
				);
				HEADER_SEARCH_PATHS = (
					"$(inherited)",
					"$(SRCROOT)/.build/checkouts/CSQLite--3339553559826851062",
					"$(SRCROOT)/.build/checkouts/Clibwebsockets-5953100590507442118",
					"$(SRCROOT)/.build/checkouts/COpenSSL-1810406100236790037",
				);
				INFOPLIST_FILE = sockite.xcodeproj/SwiftChatSE_Info.plist;
				LD_RUNPATH_SEARCH_PATHS = "$(TOOLCHAIN_DIR)/usr/lib/swift/macosx";
				OTHER_LDFLAGS = (
					"$(inherited)",
					"-L/usr/local/Cellar/libwebsockets/2.4.1_1/lib",
					"-lwebsockets",
					"-L/usr/local/Cellar/openssl/1.0.2n/lib",
					"-lssl",
					"-L/usr/local/Cellar/openssl/1.0.2n/lib",
					"-lcrypto",
				);
				OTHER_SWIFT_FLAGS = "$(inherited) -I/usr/local/Cellar/libwebsockets/2.4.1_1/include -I/usr/local/Cellar/openssl/1.0.2n/include -I/usr/local/Cellar/openssl/1.0.2n/include";
				PRODUCT_BUNDLE_IDENTIFIER = SwiftChatSE;
				PRODUCT_MODULE_NAME = "$(TARGET_NAME:c99extidentifier)";
				PRODUCT_NAME = "$(TARGET_NAME:c99extidentifier)";
				SKIP_INSTALL = YES;
				SWIFT_VERSION = 4.0;
				TARGET_NAME = SwiftChatSE;
			};
			name = Debug;
		};
		OBJ_179 /* Release */ = {
			isa = XCBuildConfiguration;
			buildSettings = {
				ENABLE_TESTABILITY = YES;
				FRAMEWORK_SEARCH_PATHS = (
					"$(inherited)",
					"$(PLATFORM_DIR)/Developer/Library/Frameworks",
				);
				HEADER_SEARCH_PATHS = (
					"$(inherited)",
					"$(SRCROOT)/.build/checkouts/CSQLite--3339553559826851062",
					"$(SRCROOT)/.build/checkouts/Clibwebsockets-5953100590507442118",
					"$(SRCROOT)/.build/checkouts/COpenSSL-1810406100236790037",
				);
				INFOPLIST_FILE = sockite.xcodeproj/SwiftChatSE_Info.plist;
				LD_RUNPATH_SEARCH_PATHS = "$(TOOLCHAIN_DIR)/usr/lib/swift/macosx";
				OTHER_LDFLAGS = (
					"$(inherited)",
					"-L/usr/local/Cellar/libwebsockets/2.4.1_1/lib",
					"-lwebsockets",
					"-L/usr/local/Cellar/openssl/1.0.2n/lib",
					"-lssl",
					"-L/usr/local/Cellar/openssl/1.0.2n/lib",
					"-lcrypto",
				);
				OTHER_SWIFT_FLAGS = "$(inherited) -I/usr/local/Cellar/libwebsockets/2.4.1_1/include -I/usr/local/Cellar/openssl/1.0.2n/include -I/usr/local/Cellar/openssl/1.0.2n/include";
				PRODUCT_BUNDLE_IDENTIFIER = SwiftChatSE;
				PRODUCT_MODULE_NAME = "$(TARGET_NAME:c99extidentifier)";
				PRODUCT_NAME = "$(TARGET_NAME:c99extidentifier)";
				SKIP_INSTALL = YES;
				SWIFT_VERSION = 4.0;
				TARGET_NAME = SwiftChatSE;
			};
			name = Release;
		};
		OBJ_3 /* Debug */ = {
			isa = XCBuildConfiguration;
			buildSettings = {
				CLANG_ENABLE_OBJC_ARC = YES;
				COMBINE_HIDPI_IMAGES = YES;
				COPY_PHASE_STRIP = NO;
				DEBUG_INFORMATION_FORMAT = dwarf;
				DYLIB_INSTALL_NAME_BASE = "@rpath";
				ENABLE_NS_ASSERTIONS = YES;
				GCC_OPTIMIZATION_LEVEL = 0;
				MACOSX_DEPLOYMENT_TARGET = 10.10;
				ONLY_ACTIVE_ARCH = YES;
				OTHER_SWIFT_FLAGS = "-DXcode";
				PRODUCT_NAME = "$(TARGET_NAME)";
				SDKROOT = macosx;
				SUPPORTED_PLATFORMS = "macosx iphoneos iphonesimulator appletvos appletvsimulator watchos watchsimulator";
				SWIFT_ACTIVE_COMPILATION_CONDITIONS = SWIFT_PACKAGE;
				SWIFT_OPTIMIZATION_LEVEL = "-Onone";
				USE_HEADERMAP = NO;
			};
			name = Debug;
		};
		OBJ_4 /* Release */ = {
			isa = XCBuildConfiguration;
			buildSettings = {
				CLANG_ENABLE_OBJC_ARC = YES;
				COMBINE_HIDPI_IMAGES = YES;
				COPY_PHASE_STRIP = YES;
				DEBUG_INFORMATION_FORMAT = "dwarf-with-dsym";
				DYLIB_INSTALL_NAME_BASE = "@rpath";
				GCC_OPTIMIZATION_LEVEL = s;
				MACOSX_DEPLOYMENT_TARGET = 10.10;
				OTHER_SWIFT_FLAGS = "-DXcode";
				PRODUCT_NAME = "$(TARGET_NAME)";
				SDKROOT = macosx;
				SUPPORTED_PLATFORMS = "macosx iphoneos iphonesimulator appletvos appletvsimulator watchos watchsimulator";
				SWIFT_ACTIVE_COMPILATION_CONDITIONS = SWIFT_PACKAGE;
				SWIFT_OPTIMIZATION_LEVEL = "-Owholemodule";
				USE_HEADERMAP = NO;
			};
			name = Release;
		};
		OBJ_88 /* Debug */ = {
			isa = XCBuildConfiguration;
			buildSettings = {
				LD = /usr/bin/true;
				OTHER_SWIFT_FLAGS = "-swift-version 4 -I /Applications/Xcode.app/Contents/Developer/Toolchains/XcodeDefault.xctoolchain/usr/lib/swift/pm/4 -target x86_64-apple-macosx10.10 -sdk /Applications/Xcode.app/Contents/Developer/Platforms/MacOSX.platform/Developer/SDKs/MacOSX10.13.sdk";
				SWIFT_VERSION = 4.0;
			};
			name = Debug;
		};
		OBJ_89 /* Release */ = {
			isa = XCBuildConfiguration;
			buildSettings = {
				LD = /usr/bin/true;
				OTHER_SWIFT_FLAGS = "-swift-version 4 -I /Applications/Xcode.app/Contents/Developer/Toolchains/XcodeDefault.xctoolchain/usr/lib/swift/pm/4 -target x86_64-apple-macosx10.10 -sdk /Applications/Xcode.app/Contents/Developer/Platforms/MacOSX.platform/Developer/SDKs/MacOSX10.13.sdk";
				SWIFT_VERSION = 4.0;
			};
			name = Release;
		};
		OBJ_94 /* Debug */ = {
			isa = XCBuildConfiguration;
			buildSettings = {
				LD = /usr/bin/true;
				OTHER_SWIFT_FLAGS = "-swift-version 4 -I /Applications/Xcode.app/Contents/Developer/Toolchains/XcodeDefault.xctoolchain/usr/lib/swift/pm/4 -target x86_64-apple-macosx10.10 -sdk /Applications/Xcode.app/Contents/Developer/Platforms/MacOSX.platform/Developer/SDKs/MacOSX10.13.sdk";
				SWIFT_VERSION = 4.0;
			};
			name = Debug;
		};
		OBJ_95 /* Release */ = {
			isa = XCBuildConfiguration;
			buildSettings = {
				LD = /usr/bin/true;
				OTHER_SWIFT_FLAGS = "-swift-version 4 -I /Applications/Xcode.app/Contents/Developer/Toolchains/XcodeDefault.xctoolchain/usr/lib/swift/pm/4 -target x86_64-apple-macosx10.10 -sdk /Applications/Xcode.app/Contents/Developer/Platforms/MacOSX.platform/Developer/SDKs/MacOSX10.13.sdk";
				SWIFT_VERSION = 4.0;
			};
			name = Release;
		};
/* End XCBuildConfiguration section */

/* Begin XCConfigurationList section */
		OBJ_105 /* Build configuration list for PBXNativeTarget "SwiftChatSEPackageDescription" */ = {
			isa = XCConfigurationList;
			buildConfigurations = (
				OBJ_106 /* Debug */,
				OBJ_107 /* Release */,
			);
			defaultConfigurationIsVisible = 0;
			defaultConfigurationName = Debug;
		};
		OBJ_111 /* Build configuration list for PBXNativeTarget "sockite" */ = {
			isa = XCConfigurationList;
			buildConfigurations = (
				OBJ_112 /* Debug */,
				OBJ_113 /* Release */,
			);
			defaultConfigurationIsVisible = 0;
			defaultConfigurationName = Debug;
		};
		OBJ_136 /* Build configuration list for PBXNativeTarget "Yams" */ = {
			isa = XCConfigurationList;
			buildConfigurations = (
				OBJ_137 /* Debug */,
				OBJ_138 /* Release */,
			);
			defaultConfigurationIsVisible = 0;
			defaultConfigurationName = Debug;
		};
		OBJ_158 /* Build configuration list for PBXNativeTarget "CYaml" */ = {
			isa = XCConfigurationList;
			buildConfigurations = (
				OBJ_159 /* Debug */,
				OBJ_160 /* Release */,
			);
			defaultConfigurationIsVisible = 0;
			defaultConfigurationName = Debug;
		};
		OBJ_169 /* Build configuration list for PBXNativeTarget "SwiftRedunda" */ = {
			isa = XCConfigurationList;
			buildConfigurations = (
				OBJ_170 /* Debug */,
				OBJ_171 /* Release */,
			);
			defaultConfigurationIsVisible = 0;
			defaultConfigurationName = Debug;
		};
		OBJ_177 /* Build configuration list for PBXNativeTarget "SwiftChatSE" */ = {
			isa = XCConfigurationList;
			buildConfigurations = (
				OBJ_178 /* Debug */,
				OBJ_179 /* Release */,
			);
			defaultConfigurationIsVisible = 0;
			defaultConfigurationName = Debug;
		};
		OBJ_2 /* Build configuration list for PBXProject "sockite" */ = {
			isa = XCConfigurationList;
			buildConfigurations = (
				OBJ_3 /* Debug */,
				OBJ_4 /* Release */,
			);
			defaultConfigurationIsVisible = 0;
			defaultConfigurationName = Debug;
		};
		OBJ_87 /* Build configuration list for PBXNativeTarget "sockitePackageDescription" */ = {
			isa = XCConfigurationList;
			buildConfigurations = (
				OBJ_88 /* Debug */,
				OBJ_89 /* Release */,
			);
			defaultConfigurationIsVisible = 0;
			defaultConfigurationName = Debug;
		};
		OBJ_93 /* Build configuration list for PBXNativeTarget "YamsPackageDescription" */ = {
			isa = XCConfigurationList;
			buildConfigurations = (
				OBJ_94 /* Debug */,
				OBJ_95 /* Release */,
			);
			defaultConfigurationIsVisible = 0;
			defaultConfigurationName = Debug;
		};
		OBJ_99 /* Build configuration list for PBXNativeTarget "swiftredundaPackageDescription" */ = {
			isa = XCConfigurationList;
			buildConfigurations = (
				OBJ_100 /* Debug */,
				OBJ_101 /* Release */,
			);
			defaultConfigurationIsVisible = 0;
			defaultConfigurationName = Debug;
		};
/* End XCConfigurationList section */
	};
	rootObject = OBJ_1 /* Project object */;
}
