// !$*UTF8*$!
{
	archiveVersion = 1;
	classes = {
	};
	objectVersion = 46;
	objects = {

/* Begin PBXBuildFile section */
		OBJ_100 /* ChatListener.swift in Sources */ = {isa = PBXBuildFile; fileRef = OBJ_25 /* ChatListener.swift */; };
		OBJ_101 /* ChatMessage.swift in Sources */ = {isa = PBXBuildFile; fileRef = OBJ_26 /* ChatMessage.swift */; };
		OBJ_102 /* ChatRoom.swift in Sources */ = {isa = PBXBuildFile; fileRef = OBJ_27 /* ChatRoom.swift */; };
		OBJ_103 /* ChatUser.swift in Sources */ = {isa = PBXBuildFile; fileRef = OBJ_28 /* ChatUser.swift */; };
		OBJ_104 /* Client.swift in Sources */ = {isa = PBXBuildFile; fileRef = OBJ_29 /* Client.swift */; };
		OBJ_105 /* Command.swift in Sources */ = {isa = PBXBuildFile; fileRef = OBJ_30 /* Command.swift */; };
		OBJ_106 /* CommandCheckPrivileges.swift in Sources */ = {isa = PBXBuildFile; fileRef = OBJ_31 /* CommandCheckPrivileges.swift */; };
		OBJ_107 /* CommandDeleteMessage.swift in Sources */ = {isa = PBXBuildFile; fileRef = OBJ_32 /* CommandDeleteMessage.swift */; };
		OBJ_108 /* CommandKill.swift in Sources */ = {isa = PBXBuildFile; fileRef = OBJ_33 /* CommandKill.swift */; };
		OBJ_109 /* CommandListRunning.swift in Sources */ = {isa = PBXBuildFile; fileRef = OBJ_34 /* CommandListRunning.swift */; };
		OBJ_110 /* CommandPrivilege.swift in Sources */ = {isa = PBXBuildFile; fileRef = OBJ_35 /* CommandPrivilege.swift */; };
		OBJ_111 /* CommandSay.swift in Sources */ = {isa = PBXBuildFile; fileRef = OBJ_36 /* CommandSay.swift */; };
		OBJ_112 /* CommandStop.swift in Sources */ = {isa = PBXBuildFile; fileRef = OBJ_37 /* CommandStop.swift */; };
		OBJ_113 /* CommandUnprivilege.swift in Sources */ = {isa = PBXBuildFile; fileRef = OBJ_38 /* CommandUnprivilege.swift */; };
		OBJ_114 /* DatabaseConnection.swift in Sources */ = {isa = PBXBuildFile; fileRef = OBJ_39 /* DatabaseConnection.swift */; };
		OBJ_115 /* DatabaseType.swift in Sources */ = {isa = PBXBuildFile; fileRef = OBJ_40 /* DatabaseType.swift */; };
		OBJ_116 /* ErrorHandler.swift in Sources */ = {isa = PBXBuildFile; fileRef = OBJ_41 /* ErrorHandler.swift */; };
		OBJ_117 /* Levenshtein.swift in Sources */ = {isa = PBXBuildFile; fileRef = OBJ_42 /* Levenshtein.swift */; };
		OBJ_118 /* NSStringHTMLDecoding.swift in Sources */ = {isa = PBXBuildFile; fileRef = OBJ_43 /* NSStringHTMLDecoding.swift */; };
		OBJ_119 /* Row.swift in Sources */ = {isa = PBXBuildFile; fileRef = OBJ_44 /* Row.swift */; };
		OBJ_120 /* Utilites.swift in Sources */ = {isa = PBXBuildFile; fileRef = OBJ_45 /* Utilites.swift */; };
		OBJ_121 /* WebSocket.swift in Sources */ = {isa = PBXBuildFile; fileRef = OBJ_46 /* WebSocket.swift */; };
		OBJ_57 /* Package.swift in Sources */ = {isa = PBXBuildFile; fileRef = OBJ_6 /* Package.swift */; };
		OBJ_63 /* Package.swift in Sources */ = {isa = PBXBuildFile; fileRef = OBJ_22 /* Package.swift */; };
		OBJ_69 /* Package.swift in Sources */ = {isa = PBXBuildFile; fileRef = OBJ_47 /* Package.swift */; };
		OBJ_75 /* Alive.swift in Sources */ = {isa = PBXBuildFile; fileRef = OBJ_9 /* Alive.swift */; };
		OBJ_76 /* Checkuser.swift in Sources */ = {isa = PBXBuildFile; fileRef = OBJ_10 /* Checkuser.swift */; };
		OBJ_77 /* Commands.swift in Sources */ = {isa = PBXBuildFile; fileRef = OBJ_11 /* Commands.swift */; };
		OBJ_78 /* decodables.swift in Sources */ = {isa = PBXBuildFile; fileRef = OBJ_12 /* decodables.swift */; };
		OBJ_79 /* globalvars.swift in Sources */ = {isa = PBXBuildFile; fileRef = OBJ_13 /* globalvars.swift */; };
		OBJ_80 /* main.swift in Sources */ = {isa = PBXBuildFile; fileRef = OBJ_14 /* main.swift */; };
		OBJ_82 /* SwiftRedunda.framework in Frameworks */ = {isa = PBXBuildFile; fileRef = "swiftredunda::SwiftRedunda::Product" /* SwiftRedunda.framework */; };
		OBJ_83 /* SwiftChatSE.framework in Frameworks */ = {isa = PBXBuildFile; fileRef = "SwiftChatSE::SwiftChatSE::Product" /* SwiftChatSE.framework */; };
		OBJ_92 /* RedundaClient.swift in Sources */ = {isa = PBXBuildFile; fileRef = OBJ_19 /* RedundaClient.swift */; };
		OBJ_93 /* RedundaPingResponse.swift in Sources */ = {isa = PBXBuildFile; fileRef = OBJ_20 /* RedundaPingResponse.swift */; };
		OBJ_94 /* RedundaPingService.swift in Sources */ = {isa = PBXBuildFile; fileRef = OBJ_21 /* RedundaPingService.swift */; };
/* End PBXBuildFile section */

/* Begin PBXContainerItemProxy section */
		E8696E2B201C55070085A793 /* PBXContainerItemProxy */ = {
			isa = PBXContainerItemProxy;
			containerPortal = OBJ_1 /* Project object */;
			proxyType = 1;
			remoteGlobalIDString = "swiftredunda::SwiftRedunda";
			remoteInfo = SwiftRedunda;
		};
		E8696E2C201C55070085A793 /* PBXContainerItemProxy */ = {
			isa = PBXContainerItemProxy;
			containerPortal = OBJ_1 /* Project object */;
			proxyType = 1;
			remoteGlobalIDString = "SwiftChatSE::SwiftChatSE";
			remoteInfo = SwiftChatSE;
		};
/* End PBXContainerItemProxy section */

/* Begin PBXFileReference section */
		OBJ_10 /* Checkuser.swift */ = {isa = PBXFileReference; lastKnownFileType = sourcecode.swift; path = Checkuser.swift; sourceTree = "<group>"; };
		OBJ_11 /* Commands.swift */ = {isa = PBXFileReference; lastKnownFileType = sourcecode.swift; path = Commands.swift; sourceTree = "<group>"; };
		OBJ_12 /* decodables.swift */ = {isa = PBXFileReference; lastKnownFileType = sourcecode.swift; path = decodables.swift; sourceTree = "<group>"; };
		OBJ_13 /* globalvars.swift */ = {isa = PBXFileReference; lastKnownFileType = sourcecode.swift; path = globalvars.swift; sourceTree = "<group>"; };
		OBJ_14 /* main.swift */ = {isa = PBXFileReference; lastKnownFileType = sourcecode.swift; path = main.swift; sourceTree = "<group>"; };
		OBJ_19 /* RedundaClient.swift */ = {isa = PBXFileReference; lastKnownFileType = sourcecode.swift; path = RedundaClient.swift; sourceTree = "<group>"; };
		OBJ_20 /* RedundaPingResponse.swift */ = {isa = PBXFileReference; lastKnownFileType = sourcecode.swift; path = RedundaPingResponse.swift; sourceTree = "<group>"; };
		OBJ_21 /* RedundaPingService.swift */ = {isa = PBXFileReference; lastKnownFileType = sourcecode.swift; path = RedundaPingService.swift; sourceTree = "<group>"; };
		OBJ_22 /* Package.swift */ = {isa = PBXFileReference; explicitFileType = sourcecode.swift; name = Package.swift; path = "/Users/hilarychlau/Desktop/xcode/sockite/.build/checkouts/SwiftRedunda.git--7707713463606298708/Package.swift"; sourceTree = "<group>"; };
		OBJ_25 /* ChatListener.swift */ = {isa = PBXFileReference; lastKnownFileType = sourcecode.swift; path = ChatListener.swift; sourceTree = "<group>"; };
		OBJ_26 /* ChatMessage.swift */ = {isa = PBXFileReference; lastKnownFileType = sourcecode.swift; path = ChatMessage.swift; sourceTree = "<group>"; };
		OBJ_27 /* ChatRoom.swift */ = {isa = PBXFileReference; lastKnownFileType = sourcecode.swift; path = ChatRoom.swift; sourceTree = "<group>"; };
		OBJ_28 /* ChatUser.swift */ = {isa = PBXFileReference; lastKnownFileType = sourcecode.swift; path = ChatUser.swift; sourceTree = "<group>"; };
		OBJ_29 /* Client.swift */ = {isa = PBXFileReference; lastKnownFileType = sourcecode.swift; path = Client.swift; sourceTree = "<group>"; };
		OBJ_30 /* Command.swift */ = {isa = PBXFileReference; lastKnownFileType = sourcecode.swift; path = Command.swift; sourceTree = "<group>"; };
		OBJ_31 /* CommandCheckPrivileges.swift */ = {isa = PBXFileReference; lastKnownFileType = sourcecode.swift; path = CommandCheckPrivileges.swift; sourceTree = "<group>"; };
		OBJ_32 /* CommandDeleteMessage.swift */ = {isa = PBXFileReference; lastKnownFileType = sourcecode.swift; path = CommandDeleteMessage.swift; sourceTree = "<group>"; };
		OBJ_33 /* CommandKill.swift */ = {isa = PBXFileReference; lastKnownFileType = sourcecode.swift; path = CommandKill.swift; sourceTree = "<group>"; };
		OBJ_34 /* CommandListRunning.swift */ = {isa = PBXFileReference; lastKnownFileType = sourcecode.swift; path = CommandListRunning.swift; sourceTree = "<group>"; };
		OBJ_35 /* CommandPrivilege.swift */ = {isa = PBXFileReference; lastKnownFileType = sourcecode.swift; path = CommandPrivilege.swift; sourceTree = "<group>"; };
		OBJ_36 /* CommandSay.swift */ = {isa = PBXFileReference; lastKnownFileType = sourcecode.swift; path = CommandSay.swift; sourceTree = "<group>"; };
		OBJ_37 /* CommandStop.swift */ = {isa = PBXFileReference; lastKnownFileType = sourcecode.swift; path = CommandStop.swift; sourceTree = "<group>"; };
		OBJ_38 /* CommandUnprivilege.swift */ = {isa = PBXFileReference; lastKnownFileType = sourcecode.swift; path = CommandUnprivilege.swift; sourceTree = "<group>"; };
		OBJ_39 /* DatabaseConnection.swift */ = {isa = PBXFileReference; lastKnownFileType = sourcecode.swift; path = DatabaseConnection.swift; sourceTree = "<group>"; };
		OBJ_40 /* DatabaseType.swift */ = {isa = PBXFileReference; lastKnownFileType = sourcecode.swift; path = DatabaseType.swift; sourceTree = "<group>"; };
		OBJ_41 /* ErrorHandler.swift */ = {isa = PBXFileReference; lastKnownFileType = sourcecode.swift; path = ErrorHandler.swift; sourceTree = "<group>"; };
		OBJ_42 /* Levenshtein.swift */ = {isa = PBXFileReference; lastKnownFileType = sourcecode.swift; path = Levenshtein.swift; sourceTree = "<group>"; };
		OBJ_43 /* NSStringHTMLDecoding.swift */ = {isa = PBXFileReference; lastKnownFileType = sourcecode.swift; path = NSStringHTMLDecoding.swift; sourceTree = "<group>"; };
		OBJ_44 /* Row.swift */ = {isa = PBXFileReference; lastKnownFileType = sourcecode.swift; path = Row.swift; sourceTree = "<group>"; };
		OBJ_45 /* Utilites.swift */ = {isa = PBXFileReference; lastKnownFileType = sourcecode.swift; path = Utilites.swift; sourceTree = "<group>"; };
		OBJ_46 /* WebSocket.swift */ = {isa = PBXFileReference; lastKnownFileType = sourcecode.swift; path = WebSocket.swift; sourceTree = "<group>"; };
		OBJ_47 /* Package.swift */ = {isa = PBXFileReference; explicitFileType = sourcecode.swift; name = Package.swift; path = "/Users/hilarychlau/Desktop/xcode/sockite/.build/checkouts/SwiftChatSE--4388347744420185701/Package.swift"; sourceTree = "<group>"; };
		OBJ_6 /* Package.swift */ = {isa = PBXFileReference; explicitFileType = sourcecode.swift; path = Package.swift; sourceTree = "<group>"; };
		OBJ_9 /* Alive.swift */ = {isa = PBXFileReference; lastKnownFileType = sourcecode.swift; path = Alive.swift; sourceTree = "<group>"; };
		"SwiftChatSE::SwiftChatSE::Product" /* SwiftChatSE.framework */ = {isa = PBXFileReference; explicitFileType = wrapper.framework; path = SwiftChatSE.framework; sourceTree = BUILT_PRODUCTS_DIR; };
		"sockite::sockite::Product" /* sockite */ = {isa = PBXFileReference; lastKnownFileType = text; path = sockite; sourceTree = BUILT_PRODUCTS_DIR; };
		"swiftredunda::SwiftRedunda::Product" /* SwiftRedunda.framework */ = {isa = PBXFileReference; explicitFileType = wrapper.framework; path = SwiftRedunda.framework; sourceTree = BUILT_PRODUCTS_DIR; };
/* End PBXFileReference section */

/* Begin PBXFrameworksBuildPhase section */
		OBJ_122 /* Frameworks */ = {
			isa = PBXFrameworksBuildPhase;
			buildActionMask = 0;
			files = (
			);
			runOnlyForDeploymentPostprocessing = 0;
		};
		OBJ_81 /* Frameworks */ = {
			isa = PBXFrameworksBuildPhase;
			buildActionMask = 0;
			files = (
				OBJ_82 /* SwiftRedunda.framework in Frameworks */,
				OBJ_83 /* SwiftChatSE.framework in Frameworks */,
			);
			runOnlyForDeploymentPostprocessing = 0;
		};
		OBJ_95 /* Frameworks */ = {
			isa = PBXFrameworksBuildPhase;
			buildActionMask = 0;
			files = (
			);
			runOnlyForDeploymentPostprocessing = 0;
		};
/* End PBXFrameworksBuildPhase section */

/* Begin PBXGroup section */
		OBJ_15 /* Tests */ = {
			isa = PBXGroup;
			children = (
			);
			name = Tests;
			sourceTree = SOURCE_ROOT;
		};
		OBJ_16 /* Dependencies */ = {
			isa = PBXGroup;
			children = (
				OBJ_17 /* swiftredunda 0.1.0 */,
				OBJ_23 /* SwiftChatSE 5.0.4 */,
			);
			name = Dependencies;
			sourceTree = "<group>";
		};
		OBJ_17 /* swiftredunda 0.1.0 */ = {
			isa = PBXGroup;
			children = (
				OBJ_18 /* SwiftRedunda */,
				OBJ_22 /* Package.swift */,
			);
			name = "swiftredunda 0.1.0";
			sourceTree = SOURCE_ROOT;
		};
		OBJ_18 /* SwiftRedunda */ = {
			isa = PBXGroup;
			children = (
				OBJ_19 /* RedundaClient.swift */,
				OBJ_20 /* RedundaPingResponse.swift */,
				OBJ_21 /* RedundaPingService.swift */,
			);
			name = SwiftRedunda;
			path = ".build/checkouts/SwiftRedunda.git--7707713463606298708/Sources/SwiftRedunda";
			sourceTree = SOURCE_ROOT;
		};
		OBJ_23 /* SwiftChatSE 5.0.4 */ = {
			isa = PBXGroup;
			children = (
				OBJ_24 /* SwiftChatSE */,
				OBJ_47 /* Package.swift */,
			);
			name = "SwiftChatSE 5.0.4";
			sourceTree = SOURCE_ROOT;
		};
		OBJ_24 /* SwiftChatSE */ = {
			isa = PBXGroup;
			children = (
				OBJ_25 /* ChatListener.swift */,
				OBJ_26 /* ChatMessage.swift */,
				OBJ_27 /* ChatRoom.swift */,
				OBJ_28 /* ChatUser.swift */,
				OBJ_29 /* Client.swift */,
				OBJ_30 /* Command.swift */,
				OBJ_31 /* CommandCheckPrivileges.swift */,
				OBJ_32 /* CommandDeleteMessage.swift */,
				OBJ_33 /* CommandKill.swift */,
				OBJ_34 /* CommandListRunning.swift */,
				OBJ_35 /* CommandPrivilege.swift */,
				OBJ_36 /* CommandSay.swift */,
				OBJ_37 /* CommandStop.swift */,
				OBJ_38 /* CommandUnprivilege.swift */,
				OBJ_39 /* DatabaseConnection.swift */,
				OBJ_40 /* DatabaseType.swift */,
				OBJ_41 /* ErrorHandler.swift */,
				OBJ_42 /* Levenshtein.swift */,
				OBJ_43 /* NSStringHTMLDecoding.swift */,
				OBJ_44 /* Row.swift */,
				OBJ_45 /* Utilites.swift */,
				OBJ_46 /* WebSocket.swift */,
			);
			name = SwiftChatSE;
			path = ".build/checkouts/SwiftChatSE--4388347744420185701/Sources/SwiftChatSE";
			sourceTree = SOURCE_ROOT;
		};
		OBJ_48 /* Products */ = {
			isa = PBXGroup;
			children = (
				"sockite::sockite::Product" /* sockite */,
				"swiftredunda::SwiftRedunda::Product" /* SwiftRedunda.framework */,
				"SwiftChatSE::SwiftChatSE::Product" /* SwiftChatSE.framework */,
			);
			name = Products;
			sourceTree = BUILT_PRODUCTS_DIR;
		};
		OBJ_5 /*  */ = {
			isa = PBXGroup;
			children = (
				OBJ_6 /* Package.swift */,
				OBJ_7 /* Sources */,
				OBJ_15 /* Tests */,
				OBJ_16 /* Dependencies */,
				OBJ_48 /* Products */,
			);
			name = "";
			sourceTree = "<group>";
		};
		OBJ_7 /* Sources */ = {
			isa = PBXGroup;
			children = (
				OBJ_8 /* sockite */,
			);
			name = Sources;
			sourceTree = SOURCE_ROOT;
		};
		OBJ_8 /* sockite */ = {
			isa = PBXGroup;
			children = (
				OBJ_9 /* Alive.swift */,
				OBJ_10 /* Checkuser.swift */,
				OBJ_11 /* Commands.swift */,
				OBJ_12 /* decodables.swift */,
				OBJ_13 /* globalvars.swift */,
				OBJ_14 /* main.swift */,
			);
			name = sockite;
			path = Sources/sockite;
			sourceTree = SOURCE_ROOT;
		};
/* End PBXGroup section */

/* Begin PBXNativeTarget section */
		"SwiftChatSE::SwiftChatSE" /* SwiftChatSE */ = {
			isa = PBXNativeTarget;
			buildConfigurationList = OBJ_96 /* Build configuration list for PBXNativeTarget "SwiftChatSE" */;
			buildPhases = (
				OBJ_99 /* Sources */,
				OBJ_122 /* Frameworks */,
			);
			buildRules = (
			);
			dependencies = (
			);
			name = SwiftChatSE;
			productName = SwiftChatSE;
			productReference = "SwiftChatSE::SwiftChatSE::Product" /* SwiftChatSE.framework */;
			productType = "com.apple.product-type.framework";
		};
		"SwiftChatSE::SwiftPMPackageDescription" /* SwiftChatSEPackageDescription */ = {
			isa = PBXNativeTarget;
			buildConfigurationList = OBJ_65 /* Build configuration list for PBXNativeTarget "SwiftChatSEPackageDescription" */;
			buildPhases = (
				OBJ_68 /* Sources */,
			);
			buildRules = (
			);
			dependencies = (
			);
			name = SwiftChatSEPackageDescription;
			productName = SwiftChatSEPackageDescription;
			productType = "com.apple.product-type.framework";
		};
		"sockite::SwiftPMPackageDescription" /* sockitePackageDescription */ = {
			isa = PBXNativeTarget;
			buildConfigurationList = OBJ_53 /* Build configuration list for PBXNativeTarget "sockitePackageDescription" */;
			buildPhases = (
				OBJ_56 /* Sources */,
			);
			buildRules = (
			);
			dependencies = (
			);
			name = sockitePackageDescription;
			productName = sockitePackageDescription;
			productType = "com.apple.product-type.framework";
		};
		"sockite::sockite" /* sockite */ = {
			isa = PBXNativeTarget;
			buildConfigurationList = OBJ_71 /* Build configuration list for PBXNativeTarget "sockite" */;
			buildPhases = (
				OBJ_74 /* Sources */,
				OBJ_81 /* Frameworks */,
			);
			buildRules = (
			);
			dependencies = (
				OBJ_84 /* PBXTargetDependency */,
				OBJ_86 /* PBXTargetDependency */,
			);
			name = sockite;
			productName = sockite;
			productReference = "sockite::sockite::Product" /* sockite */;
			productType = "com.apple.product-type.tool";
		};
		"swiftredunda::SwiftPMPackageDescription" /* swiftredundaPackageDescription */ = {
			isa = PBXNativeTarget;
			buildConfigurationList = OBJ_59 /* Build configuration list for PBXNativeTarget "swiftredundaPackageDescription" */;
			buildPhases = (
				OBJ_62 /* Sources */,
			);
			buildRules = (
			);
			dependencies = (
			);
			name = swiftredundaPackageDescription;
			productName = swiftredundaPackageDescription;
			productType = "com.apple.product-type.framework";
		};
		"swiftredunda::SwiftRedunda" /* SwiftRedunda */ = {
			isa = PBXNativeTarget;
			buildConfigurationList = OBJ_88 /* Build configuration list for PBXNativeTarget "SwiftRedunda" */;
			buildPhases = (
				OBJ_91 /* Sources */,
				OBJ_95 /* Frameworks */,
			);
			buildRules = (
			);
			dependencies = (
			);
			name = SwiftRedunda;
			productName = SwiftRedunda;
			productReference = "swiftredunda::SwiftRedunda::Product" /* SwiftRedunda.framework */;
			productType = "com.apple.product-type.framework";
		};
/* End PBXNativeTarget section */

/* Begin PBXProject section */
		OBJ_1 /* Project object */ = {
			isa = PBXProject;
			attributes = {
				LastUpgradeCheck = 9999;
			};
			buildConfigurationList = OBJ_2 /* Build configuration list for PBXProject "sockite" */;
			compatibilityVersion = "Xcode 3.2";
			developmentRegion = English;
			hasScannedForEncodings = 0;
			knownRegions = (
				en,
			);
			mainGroup = OBJ_5 /*  */;
			productRefGroup = OBJ_48 /* Products */;
			projectDirPath = "";
			projectRoot = "";
			targets = (
				"sockite::SwiftPMPackageDescription" /* sockitePackageDescription */,
				"swiftredunda::SwiftPMPackageDescription" /* swiftredundaPackageDescription */,
				"SwiftChatSE::SwiftPMPackageDescription" /* SwiftChatSEPackageDescription */,
				"sockite::sockite" /* sockite */,
				"swiftredunda::SwiftRedunda" /* SwiftRedunda */,
				"SwiftChatSE::SwiftChatSE" /* SwiftChatSE */,
			);
		};
/* End PBXProject section */

/* Begin PBXSourcesBuildPhase section */
		OBJ_56 /* Sources */ = {
			isa = PBXSourcesBuildPhase;
			buildActionMask = 0;
			files = (
				OBJ_57 /* Package.swift in Sources */,
			);
			runOnlyForDeploymentPostprocessing = 0;
		};
		OBJ_62 /* Sources */ = {
			isa = PBXSourcesBuildPhase;
			buildActionMask = 0;
			files = (
				OBJ_63 /* Package.swift in Sources */,
			);
			runOnlyForDeploymentPostprocessing = 0;
		};
		OBJ_68 /* Sources */ = {
			isa = PBXSourcesBuildPhase;
			buildActionMask = 0;
			files = (
				OBJ_69 /* Package.swift in Sources */,
			);
			runOnlyForDeploymentPostprocessing = 0;
		};
		OBJ_74 /* Sources */ = {
			isa = PBXSourcesBuildPhase;
			buildActionMask = 0;
			files = (
				OBJ_75 /* Alive.swift in Sources */,
				OBJ_76 /* Checkuser.swift in Sources */,
				OBJ_77 /* Commands.swift in Sources */,
				OBJ_78 /* decodables.swift in Sources */,
				OBJ_79 /* globalvars.swift in Sources */,
				OBJ_80 /* main.swift in Sources */,
			);
			runOnlyForDeploymentPostprocessing = 0;
		};
		OBJ_91 /* Sources */ = {
			isa = PBXSourcesBuildPhase;
			buildActionMask = 0;
			files = (
				OBJ_92 /* RedundaClient.swift in Sources */,
				OBJ_93 /* RedundaPingResponse.swift in Sources */,
				OBJ_94 /* RedundaPingService.swift in Sources */,
			);
			runOnlyForDeploymentPostprocessing = 0;
		};
		OBJ_99 /* Sources */ = {
			isa = PBXSourcesBuildPhase;
			buildActionMask = 0;
			files = (
				OBJ_100 /* ChatListener.swift in Sources */,
				OBJ_101 /* ChatMessage.swift in Sources */,
				OBJ_102 /* ChatRoom.swift in Sources */,
				OBJ_103 /* ChatUser.swift in Sources */,
				OBJ_104 /* Client.swift in Sources */,
				OBJ_105 /* Command.swift in Sources */,
				OBJ_106 /* CommandCheckPrivileges.swift in Sources */,
				OBJ_107 /* CommandDeleteMessage.swift in Sources */,
				OBJ_108 /* CommandKill.swift in Sources */,
				OBJ_109 /* CommandListRunning.swift in Sources */,
				OBJ_110 /* CommandPrivilege.swift in Sources */,
				OBJ_111 /* CommandSay.swift in Sources */,
				OBJ_112 /* CommandStop.swift in Sources */,
				OBJ_113 /* CommandUnprivilege.swift in Sources */,
				OBJ_114 /* DatabaseConnection.swift in Sources */,
				OBJ_115 /* DatabaseType.swift in Sources */,
				OBJ_116 /* ErrorHandler.swift in Sources */,
				OBJ_117 /* Levenshtein.swift in Sources */,
				OBJ_118 /* NSStringHTMLDecoding.swift in Sources */,
				OBJ_119 /* Row.swift in Sources */,
				OBJ_120 /* Utilites.swift in Sources */,
				OBJ_121 /* WebSocket.swift in Sources */,
			);
			runOnlyForDeploymentPostprocessing = 0;
		};
/* End PBXSourcesBuildPhase section */

/* Begin PBXTargetDependency section */
		OBJ_84 /* PBXTargetDependency */ = {
			isa = PBXTargetDependency;
			target = "swiftredunda::SwiftRedunda" /* SwiftRedunda */;
			targetProxy = E8696E2B201C55070085A793 /* PBXContainerItemProxy */;
		};
		OBJ_86 /* PBXTargetDependency */ = {
			isa = PBXTargetDependency;
			target = "SwiftChatSE::SwiftChatSE" /* SwiftChatSE */;
			targetProxy = E8696E2C201C55070085A793 /* PBXContainerItemProxy */;
		};
/* End PBXTargetDependency section */

/* Begin XCBuildConfiguration section */
		OBJ_3 /* Debug */ = {
			isa = XCBuildConfiguration;
			buildSettings = {
				CLANG_ENABLE_OBJC_ARC = YES;
				COMBINE_HIDPI_IMAGES = YES;
				COPY_PHASE_STRIP = NO;
				DEBUG_INFORMATION_FORMAT = dwarf;
				DYLIB_INSTALL_NAME_BASE = "@rpath";
				ENABLE_NS_ASSERTIONS = YES;
				GCC_OPTIMIZATION_LEVEL = 0;
				MACOSX_DEPLOYMENT_TARGET = 10.10;
				ONLY_ACTIVE_ARCH = YES;
				OTHER_SWIFT_FLAGS = "-DXcode";
				PRODUCT_NAME = "$(TARGET_NAME)";
				SDKROOT = macosx;
				SUPPORTED_PLATFORMS = "macosx iphoneos iphonesimulator appletvos appletvsimulator watchos watchsimulator";
				SWIFT_ACTIVE_COMPILATION_CONDITIONS = SWIFT_PACKAGE;
				SWIFT_OPTIMIZATION_LEVEL = "-Onone";
				USE_HEADERMAP = NO;
			};
			name = Debug;
		};
		OBJ_4 /* Release */ = {
			isa = XCBuildConfiguration;
			buildSettings = {
				CLANG_ENABLE_OBJC_ARC = YES;
				COMBINE_HIDPI_IMAGES = YES;
				COPY_PHASE_STRIP = YES;
				DEBUG_INFORMATION_FORMAT = "dwarf-with-dsym";
				DYLIB_INSTALL_NAME_BASE = "@rpath";
				GCC_OPTIMIZATION_LEVEL = s;
				MACOSX_DEPLOYMENT_TARGET = 10.10;
				OTHER_SWIFT_FLAGS = "-DXcode";
				PRODUCT_NAME = "$(TARGET_NAME)";
				SDKROOT = macosx;
				SUPPORTED_PLATFORMS = "macosx iphoneos iphonesimulator appletvos appletvsimulator watchos watchsimulator";
				SWIFT_ACTIVE_COMPILATION_CONDITIONS = SWIFT_PACKAGE;
				SWIFT_OPTIMIZATION_LEVEL = "-Owholemodule";
				USE_HEADERMAP = NO;
			};
			name = Release;
		};
		OBJ_54 /* Debug */ = {
			isa = XCBuildConfiguration;
			buildSettings = {
				LD = /usr/bin/true;
				OTHER_SWIFT_FLAGS = "-swift-version 4 -I /Applications/Xcode.app/Contents/Developer/Toolchains/XcodeDefault.xctoolchain/usr/lib/swift/pm/4 -target x86_64-apple-macosx10.10 -sdk /Applications/Xcode.app/Contents/Developer/Platforms/MacOSX.platform/Developer/SDKs/MacOSX10.13.sdk";
				SWIFT_VERSION = 4.0;
			};
			name = Debug;
		};
		OBJ_55 /* Release */ = {
			isa = XCBuildConfiguration;
			buildSettings = {
				LD = /usr/bin/true;
				OTHER_SWIFT_FLAGS = "-swift-version 4 -I /Applications/Xcode.app/Contents/Developer/Toolchains/XcodeDefault.xctoolchain/usr/lib/swift/pm/4 -target x86_64-apple-macosx10.10 -sdk /Applications/Xcode.app/Contents/Developer/Platforms/MacOSX.platform/Developer/SDKs/MacOSX10.13.sdk";
				SWIFT_VERSION = 4.0;
			};
			name = Release;
		};
		OBJ_60 /* Debug */ = {
			isa = XCBuildConfiguration;
			buildSettings = {
				LD = /usr/bin/true;
				OTHER_SWIFT_FLAGS = "-swift-version 4 -I /Applications/Xcode.app/Contents/Developer/Toolchains/XcodeDefault.xctoolchain/usr/lib/swift/pm/4 -target x86_64-apple-macosx10.10 -sdk /Applications/Xcode.app/Contents/Developer/Platforms/MacOSX.platform/Developer/SDKs/MacOSX10.13.sdk";
				SWIFT_VERSION = 4.0;
			};
			name = Debug;
		};
		OBJ_61 /* Release */ = {
			isa = XCBuildConfiguration;
			buildSettings = {
				LD = /usr/bin/true;
				OTHER_SWIFT_FLAGS = "-swift-version 4 -I /Applications/Xcode.app/Contents/Developer/Toolchains/XcodeDefault.xctoolchain/usr/lib/swift/pm/4 -target x86_64-apple-macosx10.10 -sdk /Applications/Xcode.app/Contents/Developer/Platforms/MacOSX.platform/Developer/SDKs/MacOSX10.13.sdk";
				SWIFT_VERSION = 4.0;
			};
			name = Release;
		};
		OBJ_66 /* Debug */ = {
			isa = XCBuildConfiguration;
			buildSettings = {
				LD = /usr/bin/true;
				OTHER_SWIFT_FLAGS = "-swift-version 4 -I /Applications/Xcode.app/Contents/Developer/Toolchains/XcodeDefault.xctoolchain/usr/lib/swift/pm/4 -target x86_64-apple-macosx10.10 -sdk /Applications/Xcode.app/Contents/Developer/Platforms/MacOSX.platform/Developer/SDKs/MacOSX10.13.sdk";
				SWIFT_VERSION = 4.0;
			};
			name = Debug;
		};
		OBJ_67 /* Release */ = {
			isa = XCBuildConfiguration;
			buildSettings = {
				LD = /usr/bin/true;
				OTHER_SWIFT_FLAGS = "-swift-version 4 -I /Applications/Xcode.app/Contents/Developer/Toolchains/XcodeDefault.xctoolchain/usr/lib/swift/pm/4 -target x86_64-apple-macosx10.10 -sdk /Applications/Xcode.app/Contents/Developer/Platforms/MacOSX.platform/Developer/SDKs/MacOSX10.13.sdk";
				SWIFT_VERSION = 4.0;
			};
			name = Release;
		};
		OBJ_72 /* Debug */ = {
			isa = XCBuildConfiguration;
			buildSettings = {
				FRAMEWORK_SEARCH_PATHS = (
					"$(inherited)",
					"$(PLATFORM_DIR)/Developer/Library/Frameworks",
				);
				HEADER_SEARCH_PATHS = (
					"$(inherited)",
					"$(SRCROOT)/.build/checkouts/CSQLite--3339553559826851062",
					"$(SRCROOT)/.build/checkouts/Clibwebsockets-5953100590507442118",
					"$(SRCROOT)/.build/checkouts/COpenSSL-1810406100236790037",
				);
				INFOPLIST_FILE = sockite.xcodeproj/sockite_Info.plist;
				LD_RUNPATH_SEARCH_PATHS = "$(TOOLCHAIN_DIR)/usr/lib/swift/macosx @executable_path";
				OTHER_LDFLAGS = (
					"$(inherited)",
					"-L/usr/local/Cellar/libwebsockets/2.4.1_1/lib",
					"-lwebsockets",
					"-L/usr/local/Cellar/openssl/1.0.2n/lib",
					"-lssl",
					"-L/usr/local/Cellar/openssl/1.0.2n/lib",
					"-lcrypto",
				);
				OTHER_SWIFT_FLAGS = "$(inherited) -I/usr/local/Cellar/libwebsockets/2.4.1_1/include -I/usr/local/Cellar/openssl/1.0.2n/include -I/usr/local/Cellar/openssl/1.0.2n/include";
				SWIFT_FORCE_DYNAMIC_LINK_STDLIB = YES;
				SWIFT_FORCE_STATIC_LINK_STDLIB = NO;
				SWIFT_VERSION = 4.0;
				TARGET_NAME = sockite;
			};
			name = Debug;
		};
		OBJ_73 /* Release */ = {
			isa = XCBuildConfiguration;
			buildSettings = {
				FRAMEWORK_SEARCH_PATHS = (
					"$(inherited)",
					"$(PLATFORM_DIR)/Developer/Library/Frameworks",
				);
				HEADER_SEARCH_PATHS = (
					"$(inherited)",
					"$(SRCROOT)/.build/checkouts/CSQLite--3339553559826851062",
					"$(SRCROOT)/.build/checkouts/Clibwebsockets-5953100590507442118",
					"$(SRCROOT)/.build/checkouts/COpenSSL-1810406100236790037",
				);
				INFOPLIST_FILE = sockite.xcodeproj/sockite_Info.plist;
				LD_RUNPATH_SEARCH_PATHS = "$(TOOLCHAIN_DIR)/usr/lib/swift/macosx @executable_path";
				OTHER_LDFLAGS = (
					"$(inherited)",
					"-L/usr/local/Cellar/libwebsockets/2.4.1_1/lib",
					"-lwebsockets",
					"-L/usr/local/Cellar/openssl/1.0.2n/lib",
					"-lssl",
					"-L/usr/local/Cellar/openssl/1.0.2n/lib",
					"-lcrypto",
				);
				OTHER_SWIFT_FLAGS = "$(inherited) -I/usr/local/Cellar/libwebsockets/2.4.1_1/include -I/usr/local/Cellar/openssl/1.0.2n/include -I/usr/local/Cellar/openssl/1.0.2n/include";
				SWIFT_FORCE_DYNAMIC_LINK_STDLIB = YES;
				SWIFT_FORCE_STATIC_LINK_STDLIB = NO;
				SWIFT_VERSION = 4.0;
				TARGET_NAME = sockite;
			};
			name = Release;
		};
		OBJ_89 /* Debug */ = {
			isa = XCBuildConfiguration;
			buildSettings = {
				ENABLE_TESTABILITY = YES;
				FRAMEWORK_SEARCH_PATHS = (
					"$(inherited)",
					"$(PLATFORM_DIR)/Developer/Library/Frameworks",
				);
				HEADER_SEARCH_PATHS = "$(inherited)";
				INFOPLIST_FILE = sockite.xcodeproj/SwiftRedunda_Info.plist;
				LD_RUNPATH_SEARCH_PATHS = "$(TOOLCHAIN_DIR)/usr/lib/swift/macosx";
				OTHER_LDFLAGS = "$(inherited)";
				OTHER_SWIFT_FLAGS = "$(inherited)";
				PRODUCT_BUNDLE_IDENTIFIER = SwiftRedunda;
				PRODUCT_MODULE_NAME = "$(TARGET_NAME:c99extidentifier)";
				PRODUCT_NAME = "$(TARGET_NAME:c99extidentifier)";
				SKIP_INSTALL = YES;
				SWIFT_VERSION = 4.0;
				TARGET_NAME = SwiftRedunda;
			};
			name = Debug;
		};
		OBJ_90 /* Release */ = {
			isa = XCBuildConfiguration;
			buildSettings = {
				ENABLE_TESTABILITY = YES;
				FRAMEWORK_SEARCH_PATHS = (
					"$(inherited)",
					"$(PLATFORM_DIR)/Developer/Library/Frameworks",
				);
				HEADER_SEARCH_PATHS = "$(inherited)";
				INFOPLIST_FILE = sockite.xcodeproj/SwiftRedunda_Info.plist;
				LD_RUNPATH_SEARCH_PATHS = "$(TOOLCHAIN_DIR)/usr/lib/swift/macosx";
				OTHER_LDFLAGS = "$(inherited)";
				OTHER_SWIFT_FLAGS = "$(inherited)";
				PRODUCT_BUNDLE_IDENTIFIER = SwiftRedunda;
				PRODUCT_MODULE_NAME = "$(TARGET_NAME:c99extidentifier)";
				PRODUCT_NAME = "$(TARGET_NAME:c99extidentifier)";
				SKIP_INSTALL = YES;
				SWIFT_VERSION = 4.0;
				TARGET_NAME = SwiftRedunda;
			};
			name = Release;
		};
		OBJ_97 /* Debug */ = {
			isa = XCBuildConfiguration;
			buildSettings = {
				ENABLE_TESTABILITY = YES;
				FRAMEWORK_SEARCH_PATHS = (
					"$(inherited)",
					"$(PLATFORM_DIR)/Developer/Library/Frameworks",
				);
				HEADER_SEARCH_PATHS = (
					"$(inherited)",
					"$(SRCROOT)/.build/checkouts/CSQLite--3339553559826851062",
					"$(SRCROOT)/.build/checkouts/Clibwebsockets-5953100590507442118",
					"$(SRCROOT)/.build/checkouts/COpenSSL-1810406100236790037",
				);
				INFOPLIST_FILE = sockite.xcodeproj/SwiftChatSE_Info.plist;
				LD_RUNPATH_SEARCH_PATHS = "$(TOOLCHAIN_DIR)/usr/lib/swift/macosx";
				OTHER_LDFLAGS = (
					"$(inherited)",
					"-L/usr/local/Cellar/libwebsockets/2.4.1_1/lib",
					"-lwebsockets",
					"-L/usr/local/Cellar/openssl/1.0.2n/lib",
					"-lssl",
					"-L/usr/local/Cellar/openssl/1.0.2n/lib",
					"-lcrypto",
				);
				OTHER_SWIFT_FLAGS = "$(inherited) -I/usr/local/Cellar/libwebsockets/2.4.1_1/include -I/usr/local/Cellar/openssl/1.0.2n/include -I/usr/local/Cellar/openssl/1.0.2n/include";
				PRODUCT_BUNDLE_IDENTIFIER = SwiftChatSE;
				PRODUCT_MODULE_NAME = "$(TARGET_NAME:c99extidentifier)";
				PRODUCT_NAME = "$(TARGET_NAME:c99extidentifier)";
				SKIP_INSTALL = YES;
				SWIFT_VERSION = 4.0;
				TARGET_NAME = SwiftChatSE;
			};
			name = Debug;
		};
		OBJ_98 /* Release */ = {
			isa = XCBuildConfiguration;
			buildSettings = {
				ENABLE_TESTABILITY = YES;
				FRAMEWORK_SEARCH_PATHS = (
					"$(inherited)",
					"$(PLATFORM_DIR)/Developer/Library/Frameworks",
				);
				HEADER_SEARCH_PATHS = (
					"$(inherited)",
					"$(SRCROOT)/.build/checkouts/CSQLite--3339553559826851062",
					"$(SRCROOT)/.build/checkouts/Clibwebsockets-5953100590507442118",
					"$(SRCROOT)/.build/checkouts/COpenSSL-1810406100236790037",
				);
				INFOPLIST_FILE = sockite.xcodeproj/SwiftChatSE_Info.plist;
				LD_RUNPATH_SEARCH_PATHS = "$(TOOLCHAIN_DIR)/usr/lib/swift/macosx";
				OTHER_LDFLAGS = (
					"$(inherited)",
					"-L/usr/local/Cellar/libwebsockets/2.4.1_1/lib",
					"-lwebsockets",
					"-L/usr/local/Cellar/openssl/1.0.2n/lib",
					"-lssl",
					"-L/usr/local/Cellar/openssl/1.0.2n/lib",
					"-lcrypto",
				);
				OTHER_SWIFT_FLAGS = "$(inherited) -I/usr/local/Cellar/libwebsockets/2.4.1_1/include -I/usr/local/Cellar/openssl/1.0.2n/include -I/usr/local/Cellar/openssl/1.0.2n/include";
				PRODUCT_BUNDLE_IDENTIFIER = SwiftChatSE;
				PRODUCT_MODULE_NAME = "$(TARGET_NAME:c99extidentifier)";
				PRODUCT_NAME = "$(TARGET_NAME:c99extidentifier)";
				SKIP_INSTALL = YES;
				SWIFT_VERSION = 4.0;
				TARGET_NAME = SwiftChatSE;
			};
			name = Release;
		};
/* End XCBuildConfiguration section */

/* Begin XCConfigurationList section */
		OBJ_2 /* Build configuration list for PBXProject "sockite" */ = {
			isa = XCConfigurationList;
			buildConfigurations = (
				OBJ_3 /* Debug */,
				OBJ_4 /* Release */,
			);
			defaultConfigurationIsVisible = 0;
			defaultConfigurationName = Debug;
		};
		OBJ_53 /* Build configuration list for PBXNativeTarget "sockitePackageDescription" */ = {
			isa = XCConfigurationList;
			buildConfigurations = (
				OBJ_54 /* Debug */,
				OBJ_55 /* Release */,
			);
			defaultConfigurationIsVisible = 0;
			defaultConfigurationName = Debug;
		};
		OBJ_59 /* Build configuration list for PBXNativeTarget "swiftredundaPackageDescription" */ = {
			isa = XCConfigurationList;
			buildConfigurations = (
				OBJ_60 /* Debug */,
				OBJ_61 /* Release */,
			);
			defaultConfigurationIsVisible = 0;
			defaultConfigurationName = Debug;
		};
		OBJ_65 /* Build configuration list for PBXNativeTarget "SwiftChatSEPackageDescription" */ = {
			isa = XCConfigurationList;
			buildConfigurations = (
				OBJ_66 /* Debug */,
				OBJ_67 /* Release */,
			);
			defaultConfigurationIsVisible = 0;
			defaultConfigurationName = Debug;
		};
		OBJ_71 /* Build configuration list for PBXNativeTarget "sockite" */ = {
			isa = XCConfigurationList;
			buildConfigurations = (
				OBJ_72 /* Debug */,
				OBJ_73 /* Release */,
			);
			defaultConfigurationIsVisible = 0;
			defaultConfigurationName = Debug;
		};
		OBJ_88 /* Build configuration list for PBXNativeTarget "SwiftRedunda" */ = {
			isa = XCConfigurationList;
			buildConfigurations = (
				OBJ_89 /* Debug */,
				OBJ_90 /* Release */,
			);
			defaultConfigurationIsVisible = 0;
			defaultConfigurationName = Debug;
		};
		OBJ_96 /* Build configuration list for PBXNativeTarget "SwiftChatSE" */ = {
			isa = XCConfigurationList;
			buildConfigurations = (
				OBJ_97 /* Debug */,
				OBJ_98 /* Release */,
			);
			defaultConfigurationIsVisible = 0;
			defaultConfigurationName = Debug;
		};
/* End XCConfigurationList section */
	};
	rootObject = OBJ_1 /* Project object */;
}
